// !$*UTF8*$!
{
	archiveVersion = 1;
	classes = {
	};
	objectVersion = 56;
	objects = {

/* Begin PBXBuildFile section */
		B143BAFF2B9EE497008B2F4D /* AppDelegate.swift in Sources */ = {isa = PBXBuildFile; fileRef = B143BAFE2B9EE497008B2F4D /* AppDelegate.swift */; };
		B143BB082B9EE49A008B2F4D /* Assets.xcassets in Resources */ = {isa = PBXBuildFile; fileRef = B143BB072B9EE49A008B2F4D /* Assets.xcassets */; };
		B143BB0B2B9EE49A008B2F4D /* LaunchScreen.storyboard in Resources */ = {isa = PBXBuildFile; fileRef = B143BB092B9EE49A008B2F4D /* LaunchScreen.storyboard */; };
		B143BB132B9EE509008B2F4D /* RegisterViewController.swift in Sources */ = {isa = PBXBuildFile; fileRef = B143BB122B9EE509008B2F4D /* RegisterViewController.swift */; };
		B143BB152B9F365D008B2F4D /* RegisterViewModel.swift in Sources */ = {isa = PBXBuildFile; fileRef = B143BB142B9F365D008B2F4D /* RegisterViewModel.swift */; };
		B143BB182BA35DA8008B2F4D /* Account.swift in Sources */ = {isa = PBXBuildFile; fileRef = B143BB172BA35DA8008B2F4D /* Account.swift */; };
		B143BB1B2BA42CEC008B2F4D /* GoogleService-Info.plist in Resources */ = {isa = PBXBuildFile; fileRef = B143BB1A2BA42CEC008B2F4D /* GoogleService-Info.plist */; };
		B143BB1E2BA42E9A008B2F4D /* FirebaseAnalytics in Frameworks */ = {isa = PBXBuildFile; productRef = B143BB1D2BA42E9A008B2F4D /* FirebaseAnalytics */; };
		B143BB202BA42E9A008B2F4D /* FirebaseAnalyticsOnDeviceConversion in Frameworks */ = {isa = PBXBuildFile; productRef = B143BB1F2BA42E9A008B2F4D /* FirebaseAnalyticsOnDeviceConversion */; };
		B143BB222BA42E9A008B2F4D /* FirebaseAnalyticsSwift in Frameworks */ = {isa = PBXBuildFile; productRef = B143BB212BA42E9A008B2F4D /* FirebaseAnalyticsSwift */; };
		B143BB242BA42E9A008B2F4D /* FirebaseAnalyticsWithoutAdIdSupport in Frameworks */ = {isa = PBXBuildFile; productRef = B143BB232BA42E9A008B2F4D /* FirebaseAnalyticsWithoutAdIdSupport */; };
		B143BB262BA42E9A008B2F4D /* FirebaseAppCheck in Frameworks */ = {isa = PBXBuildFile; productRef = B143BB252BA42E9A008B2F4D /* FirebaseAppCheck */; };
		B143BB282BA42E9A008B2F4D /* FirebaseAppDistribution-Beta in Frameworks */ = {isa = PBXBuildFile; productRef = B143BB272BA42E9A008B2F4D /* FirebaseAppDistribution-Beta */; };
		B143BB2A2BA42E9A008B2F4D /* FirebaseAuth in Frameworks */ = {isa = PBXBuildFile; productRef = B143BB292BA42E9A008B2F4D /* FirebaseAuth */; };
		B143BB2C2BA42E9A008B2F4D /* FirebaseAuthCombine-Community in Frameworks */ = {isa = PBXBuildFile; productRef = B143BB2B2BA42E9A008B2F4D /* FirebaseAuthCombine-Community */; };
		B143BB2E2BA42E9A008B2F4D /* FirebaseCrashlytics in Frameworks */ = {isa = PBXBuildFile; productRef = B143BB2D2BA42E9A008B2F4D /* FirebaseCrashlytics */; };
		B143BB302BA42E9A008B2F4D /* FirebaseDatabase in Frameworks */ = {isa = PBXBuildFile; productRef = B143BB2F2BA42E9A008B2F4D /* FirebaseDatabase */; };
		B143BB322BA42E9A008B2F4D /* FirebaseDatabaseSwift in Frameworks */ = {isa = PBXBuildFile; productRef = B143BB312BA42E9A008B2F4D /* FirebaseDatabaseSwift */; };
		B143BB342BA42E9A008B2F4D /* FirebaseDynamicLinks in Frameworks */ = {isa = PBXBuildFile; productRef = B143BB332BA42E9A008B2F4D /* FirebaseDynamicLinks */; };
		B143BB362BA42E9A008B2F4D /* FirebaseFirestore in Frameworks */ = {isa = PBXBuildFile; productRef = B143BB352BA42E9A008B2F4D /* FirebaseFirestore */; };
		B143BB382BA42E9A008B2F4D /* FirebaseFirestoreCombine-Community in Frameworks */ = {isa = PBXBuildFile; productRef = B143BB372BA42E9A008B2F4D /* FirebaseFirestoreCombine-Community */; };
		B143BB3A2BA42E9A008B2F4D /* FirebaseFirestoreSwift in Frameworks */ = {isa = PBXBuildFile; productRef = B143BB392BA42E9A008B2F4D /* FirebaseFirestoreSwift */; };
		B143BB3C2BA42E9A008B2F4D /* FirebaseFunctions in Frameworks */ = {isa = PBXBuildFile; productRef = B143BB3B2BA42E9A008B2F4D /* FirebaseFunctions */; };
		B143BB3E2BA42E9A008B2F4D /* FirebaseFunctionsCombine-Community in Frameworks */ = {isa = PBXBuildFile; productRef = B143BB3D2BA42E9A008B2F4D /* FirebaseFunctionsCombine-Community */; };
		B143BB402BA42E9A008B2F4D /* FirebaseInAppMessaging-Beta in Frameworks */ = {isa = PBXBuildFile; productRef = B143BB3F2BA42E9A008B2F4D /* FirebaseInAppMessaging-Beta */; };
		B143BB422BA42E9A008B2F4D /* FirebaseInAppMessagingSwift-Beta in Frameworks */ = {isa = PBXBuildFile; productRef = B143BB412BA42E9A008B2F4D /* FirebaseInAppMessagingSwift-Beta */; };
		B143BB442BA42E9A008B2F4D /* FirebaseInstallations in Frameworks */ = {isa = PBXBuildFile; productRef = B143BB432BA42E9A008B2F4D /* FirebaseInstallations */; };
		B143BB462BA42E9A008B2F4D /* FirebaseMLModelDownloader in Frameworks */ = {isa = PBXBuildFile; productRef = B143BB452BA42E9A008B2F4D /* FirebaseMLModelDownloader */; };
		B143BB482BA42E9A008B2F4D /* FirebaseMessaging in Frameworks */ = {isa = PBXBuildFile; productRef = B143BB472BA42E9A008B2F4D /* FirebaseMessaging */; };
		B143BB4A2BA42E9A008B2F4D /* FirebasePerformance in Frameworks */ = {isa = PBXBuildFile; productRef = B143BB492BA42E9A008B2F4D /* FirebasePerformance */; };
		B143BB4C2BA42E9A008B2F4D /* FirebaseRemoteConfig in Frameworks */ = {isa = PBXBuildFile; productRef = B143BB4B2BA42E9A008B2F4D /* FirebaseRemoteConfig */; };
		B143BB4E2BA42E9A008B2F4D /* FirebaseRemoteConfigSwift in Frameworks */ = {isa = PBXBuildFile; productRef = B143BB4D2BA42E9A008B2F4D /* FirebaseRemoteConfigSwift */; };
		B143BB502BA42E9A008B2F4D /* FirebaseStorage in Frameworks */ = {isa = PBXBuildFile; productRef = B143BB4F2BA42E9A008B2F4D /* FirebaseStorage */; };
		B143BB522BA42E9A008B2F4D /* FirebaseStorageCombine-Community in Frameworks */ = {isa = PBXBuildFile; productRef = B143BB512BA42E9A008B2F4D /* FirebaseStorageCombine-Community */; };
		B143BB542BA4368D008B2F4D /* EnumRegister.swift in Sources */ = {isa = PBXBuildFile; fileRef = B143BB532BA4368D008B2F4D /* EnumRegister.swift */; };
		B165D5952BAD5B8300EC6BF7 /* LoginViewController.swift in Sources */ = {isa = PBXBuildFile; fileRef = B165D5942BAD5B8300EC6BF7 /* LoginViewController.swift */; };
		B165D5972BAD5B8A00EC6BF7 /* LoginViewModel.swift in Sources */ = {isa = PBXBuildFile; fileRef = B165D5962BAD5B8A00EC6BF7 /* LoginViewModel.swift */; };
		B165D59A2BB2B6C000EC6BF7 /* HomeViewController.swift in Sources */ = {isa = PBXBuildFile; fileRef = B165D5992BB2B6BF00EC6BF7 /* HomeViewController.swift */; };
/* End PBXBuildFile section */

/* Begin PBXFileReference section */
		B143BAFB2B9EE497008B2F4D /* WiseSplit.app */ = {isa = PBXFileReference; explicitFileType = wrapper.application; includeInIndex = 0; path = WiseSplit.app; sourceTree = BUILT_PRODUCTS_DIR; };
		B143BAFE2B9EE497008B2F4D /* AppDelegate.swift */ = {isa = PBXFileReference; lastKnownFileType = sourcecode.swift; path = AppDelegate.swift; sourceTree = "<group>"; };
		B143BB072B9EE49A008B2F4D /* Assets.xcassets */ = {isa = PBXFileReference; lastKnownFileType = folder.assetcatalog; path = Assets.xcassets; sourceTree = "<group>"; };
		B143BB0A2B9EE49A008B2F4D /* Base */ = {isa = PBXFileReference; lastKnownFileType = file.storyboard; name = Base; path = Base.lproj/LaunchScreen.storyboard; sourceTree = "<group>"; };
		B143BB0C2B9EE49A008B2F4D /* Info.plist */ = {isa = PBXFileReference; lastKnownFileType = text.plist.xml; path = Info.plist; sourceTree = "<group>"; };
		B143BB122B9EE509008B2F4D /* RegisterViewController.swift */ = {isa = PBXFileReference; lastKnownFileType = sourcecode.swift; path = RegisterViewController.swift; sourceTree = "<group>"; };
		B143BB142B9F365D008B2F4D /* RegisterViewModel.swift */ = {isa = PBXFileReference; lastKnownFileType = sourcecode.swift; path = RegisterViewModel.swift; sourceTree = "<group>"; };
		B143BB172BA35DA8008B2F4D /* Account.swift */ = {isa = PBXFileReference; lastKnownFileType = sourcecode.swift; path = Account.swift; sourceTree = "<group>"; };
		B143BB1A2BA42CEC008B2F4D /* GoogleService-Info.plist */ = {isa = PBXFileReference; fileEncoding = 4; lastKnownFileType = text.plist.xml; path = "GoogleService-Info.plist"; sourceTree = "<group>"; };
		B143BB532BA4368D008B2F4D /* EnumRegister.swift */ = {isa = PBXFileReference; lastKnownFileType = sourcecode.swift; path = EnumRegister.swift; sourceTree = "<group>"; };
		B165D5942BAD5B8300EC6BF7 /* LoginViewController.swift */ = {isa = PBXFileReference; lastKnownFileType = sourcecode.swift; path = LoginViewController.swift; sourceTree = "<group>"; };
		B165D5962BAD5B8A00EC6BF7 /* LoginViewModel.swift */ = {isa = PBXFileReference; lastKnownFileType = sourcecode.swift; path = LoginViewModel.swift; sourceTree = "<group>"; };
		B165D5992BB2B6BF00EC6BF7 /* HomeViewController.swift */ = {isa = PBXFileReference; lastKnownFileType = sourcecode.swift; path = HomeViewController.swift; sourceTree = "<group>"; };
/* End PBXFileReference section */

/* Begin PBXFrameworksBuildPhase section */
		B143BAF82B9EE497008B2F4D /* Frameworks */ = {
			isa = PBXFrameworksBuildPhase;
			buildActionMask = 2147483647;
			files = (
				B143BB302BA42E9A008B2F4D /* FirebaseDatabase in Frameworks */,
				B143BB3E2BA42E9A008B2F4D /* FirebaseFunctionsCombine-Community in Frameworks */,
				B143BB362BA42E9A008B2F4D /* FirebaseFirestore in Frameworks */,
				B143BB222BA42E9A008B2F4D /* FirebaseAnalyticsSwift in Frameworks */,
				B143BB1E2BA42E9A008B2F4D /* FirebaseAnalytics in Frameworks */,
				B143BB202BA42E9A008B2F4D /* FirebaseAnalyticsOnDeviceConversion in Frameworks */,
				B143BB462BA42E9A008B2F4D /* FirebaseMLModelDownloader in Frameworks */,
				B143BB3A2BA42E9A008B2F4D /* FirebaseFirestoreSwift in Frameworks */,
				B143BB262BA42E9A008B2F4D /* FirebaseAppCheck in Frameworks */,
				B143BB242BA42E9A008B2F4D /* FirebaseAnalyticsWithoutAdIdSupport in Frameworks */,
				B143BB2A2BA42E9A008B2F4D /* FirebaseAuth in Frameworks */,
				B143BB2E2BA42E9A008B2F4D /* FirebaseCrashlytics in Frameworks */,
				B143BB4E2BA42E9A008B2F4D /* FirebaseRemoteConfigSwift in Frameworks */,
				B143BB402BA42E9A008B2F4D /* FirebaseInAppMessaging-Beta in Frameworks */,
				B143BB322BA42E9A008B2F4D /* FirebaseDatabaseSwift in Frameworks */,
				B143BB3C2BA42E9A008B2F4D /* FirebaseFunctions in Frameworks */,
				B143BB522BA42E9A008B2F4D /* FirebaseStorageCombine-Community in Frameworks */,
				B143BB4C2BA42E9A008B2F4D /* FirebaseRemoteConfig in Frameworks */,
				B143BB282BA42E9A008B2F4D /* FirebaseAppDistribution-Beta in Frameworks */,
				B143BB2C2BA42E9A008B2F4D /* FirebaseAuthCombine-Community in Frameworks */,
				B143BB4A2BA42E9A008B2F4D /* FirebasePerformance in Frameworks */,
				B143BB422BA42E9A008B2F4D /* FirebaseInAppMessagingSwift-Beta in Frameworks */,
				B143BB502BA42E9A008B2F4D /* FirebaseStorage in Frameworks */,
				B143BB342BA42E9A008B2F4D /* FirebaseDynamicLinks in Frameworks */,
				B143BB382BA42E9A008B2F4D /* FirebaseFirestoreCombine-Community in Frameworks */,
				B143BB482BA42E9A008B2F4D /* FirebaseMessaging in Frameworks */,
				B143BB442BA42E9A008B2F4D /* FirebaseInstallations in Frameworks */,
			);
			runOnlyForDeploymentPostprocessing = 0;
		};
/* End PBXFrameworksBuildPhase section */

/* Begin PBXGroup section */
		B143BAF22B9EE497008B2F4D = {
			isa = PBXGroup;
			children = (
				B143BAFD2B9EE497008B2F4D /* WiseSplit */,
				B143BAFC2B9EE497008B2F4D /* Products */,
			);
			sourceTree = "<group>";
		};
		B143BAFC2B9EE497008B2F4D /* Products */ = {
			isa = PBXGroup;
			children = (
				B143BAFB2B9EE497008B2F4D /* WiseSplit.app */,
			);
			name = Products;
			sourceTree = "<group>";
		};
		B143BAFD2B9EE497008B2F4D /* WiseSplit */ = {
			isa = PBXGroup;
			children = (
				B143BB192BA35DAD008B2F4D /* Model */,
				B143BB162BA35D90008B2F4D /* Register */,
				B165D5932BAD5B6D00EC6BF7 /* Login */,
				B165D5982BB2B6B200EC6BF7 /* Home */,
				B143BAFE2B9EE497008B2F4D /* AppDelegate.swift */,
				B143BB072B9EE49A008B2F4D /* Assets.xcassets */,
				B143BB092B9EE49A008B2F4D /* LaunchScreen.storyboard */,
				B143BB0C2B9EE49A008B2F4D /* Info.plist */,
				B143BB1A2BA42CEC008B2F4D /* GoogleService-Info.plist */,
			);
			path = WiseSplit;
			sourceTree = "<group>";
		};
		B143BB162BA35D90008B2F4D /* Register */ = {
			isa = PBXGroup;
			children = (
				B143BB122B9EE509008B2F4D /* RegisterViewController.swift */,
				B143BB142B9F365D008B2F4D /* RegisterViewModel.swift */,
				B143BB532BA4368D008B2F4D /* EnumRegister.swift */,
			);
			path = Register;
			sourceTree = "<group>";
		};
		B143BB192BA35DAD008B2F4D /* Model */ = {
			isa = PBXGroup;
			children = (
				B143BB172BA35DA8008B2F4D /* Account.swift */,
			);
			path = Model;
			sourceTree = "<group>";
		};
		B165D5932BAD5B6D00EC6BF7 /* Login */ = {
			isa = PBXGroup;
			children = (
				B165D5942BAD5B8300EC6BF7 /* LoginViewController.swift */,
				B165D5962BAD5B8A00EC6BF7 /* LoginViewModel.swift */,
			);
			path = Login;
			sourceTree = "<group>";
		};
		B165D5982BB2B6B200EC6BF7 /* Home */ = {
			isa = PBXGroup;
			children = (
				B165D5992BB2B6BF00EC6BF7 /* HomeViewController.swift */,
			);
			path = Home;
			sourceTree = "<group>";
		};
/* End PBXGroup section */

/* Begin PBXNativeTarget section */
		B143BAFA2B9EE497008B2F4D /* WiseSplit */ = {
			isa = PBXNativeTarget;
			buildConfigurationList = B143BB0F2B9EE49A008B2F4D /* Build configuration list for PBXNativeTarget "WiseSplit" */;
			buildPhases = (
				B143BAF72B9EE497008B2F4D /* Sources */,
				B143BAF82B9EE497008B2F4D /* Frameworks */,
				B143BAF92B9EE497008B2F4D /* Resources */,
			);
			buildRules = (
			);
			dependencies = (
			);
			name = WiseSplit;
			packageProductDependencies = (
				B143BB1D2BA42E9A008B2F4D /* FirebaseAnalytics */,
				B143BB1F2BA42E9A008B2F4D /* FirebaseAnalyticsOnDeviceConversion */,
				B143BB212BA42E9A008B2F4D /* FirebaseAnalyticsSwift */,
				B143BB232BA42E9A008B2F4D /* FirebaseAnalyticsWithoutAdIdSupport */,
				B143BB252BA42E9A008B2F4D /* FirebaseAppCheck */,
				B143BB272BA42E9A008B2F4D /* FirebaseAppDistribution-Beta */,
				B143BB292BA42E9A008B2F4D /* FirebaseAuth */,
				B143BB2B2BA42E9A008B2F4D /* FirebaseAuthCombine-Community */,
				B143BB2D2BA42E9A008B2F4D /* FirebaseCrashlytics */,
				B143BB2F2BA42E9A008B2F4D /* FirebaseDatabase */,
				B143BB312BA42E9A008B2F4D /* FirebaseDatabaseSwift */,
				B143BB332BA42E9A008B2F4D /* FirebaseDynamicLinks */,
				B143BB352BA42E9A008B2F4D /* FirebaseFirestore */,
				B143BB372BA42E9A008B2F4D /* FirebaseFirestoreCombine-Community */,
				B143BB392BA42E9A008B2F4D /* FirebaseFirestoreSwift */,
				B143BB3B2BA42E9A008B2F4D /* FirebaseFunctions */,
				B143BB3D2BA42E9A008B2F4D /* FirebaseFunctionsCombine-Community */,
				B143BB3F2BA42E9A008B2F4D /* FirebaseInAppMessaging-Beta */,
				B143BB412BA42E9A008B2F4D /* FirebaseInAppMessagingSwift-Beta */,
				B143BB432BA42E9A008B2F4D /* FirebaseInstallations */,
				B143BB452BA42E9A008B2F4D /* FirebaseMLModelDownloader */,
				B143BB472BA42E9A008B2F4D /* FirebaseMessaging */,
				B143BB492BA42E9A008B2F4D /* FirebasePerformance */,
				B143BB4B2BA42E9A008B2F4D /* FirebaseRemoteConfig */,
				B143BB4D2BA42E9A008B2F4D /* FirebaseRemoteConfigSwift */,
				B143BB4F2BA42E9A008B2F4D /* FirebaseStorage */,
				B143BB512BA42E9A008B2F4D /* FirebaseStorageCombine-Community */,
			);
			productName = WiseSplit;
			productReference = B143BAFB2B9EE497008B2F4D /* WiseSplit.app */;
			productType = "com.apple.product-type.application";
		};
/* End PBXNativeTarget section */

/* Begin PBXProject section */
		B143BAF32B9EE497008B2F4D /* Project object */ = {
			isa = PBXProject;
			attributes = {
				BuildIndependentTargetsInParallel = 1;
				LastSwiftUpdateCheck = 1500;
				LastUpgradeCheck = 1500;
				TargetAttributes = {
					B143BAFA2B9EE497008B2F4D = {
						CreatedOnToolsVersion = 15.0;
					};
				};
			};
			buildConfigurationList = B143BAF62B9EE497008B2F4D /* Build configuration list for PBXProject "WiseSplit" */;
			compatibilityVersion = "Xcode 14.0";
			developmentRegion = en;
			hasScannedForEncodings = 0;
			knownRegions = (
				en,
				Base,
			);
			mainGroup = B143BAF22B9EE497008B2F4D;
			packageReferences = (
				B143BB1C2BA42E9A008B2F4D /* XCRemoteSwiftPackageReference "firebase-ios-sdk" */,
			);
			productRefGroup = B143BAFC2B9EE497008B2F4D /* Products */;
			projectDirPath = "";
			projectRoot = "";
			targets = (
				B143BAFA2B9EE497008B2F4D /* WiseSplit */,
			);
		};
/* End PBXProject section */

/* Begin PBXResourcesBuildPhase section */
		B143BAF92B9EE497008B2F4D /* Resources */ = {
			isa = PBXResourcesBuildPhase;
			buildActionMask = 2147483647;
			files = (
				B143BB0B2B9EE49A008B2F4D /* LaunchScreen.storyboard in Resources */,
				B143BB082B9EE49A008B2F4D /* Assets.xcassets in Resources */,
				B143BB1B2BA42CEC008B2F4D /* GoogleService-Info.plist in Resources */,
			);
			runOnlyForDeploymentPostprocessing = 0;
		};
/* End PBXResourcesBuildPhase section */

/* Begin PBXSourcesBuildPhase section */
		B143BAF72B9EE497008B2F4D /* Sources */ = {
			isa = PBXSourcesBuildPhase;
			buildActionMask = 2147483647;
			files = (
				B165D5952BAD5B8300EC6BF7 /* LoginViewController.swift in Sources */,
				B143BB182BA35DA8008B2F4D /* Account.swift in Sources */,
				B143BB542BA4368D008B2F4D /* EnumRegister.swift in Sources */,
				B165D59A2BB2B6C000EC6BF7 /* HomeViewController.swift in Sources */,
				B143BAFF2B9EE497008B2F4D /* AppDelegate.swift in Sources */,
				B143BB152B9F365D008B2F4D /* RegisterViewModel.swift in Sources */,
				B143BB132B9EE509008B2F4D /* RegisterViewController.swift in Sources */,
				B165D5972BAD5B8A00EC6BF7 /* LoginViewModel.swift in Sources */,
			);
			runOnlyForDeploymentPostprocessing = 0;
		};
/* End PBXSourcesBuildPhase section */

/* Begin PBXVariantGroup section */
		B143BB092B9EE49A008B2F4D /* LaunchScreen.storyboard */ = {
			isa = PBXVariantGroup;
			children = (
				B143BB0A2B9EE49A008B2F4D /* Base */,
			);
			name = LaunchScreen.storyboard;
			sourceTree = "<group>";
		};
/* End PBXVariantGroup section */

/* Begin XCBuildConfiguration section */
		B143BB0D2B9EE49A008B2F4D /* Debug */ = {
			isa = XCBuildConfiguration;
			buildSettings = {
				ALWAYS_SEARCH_USER_PATHS = NO;
				ASSETCATALOG_COMPILER_GENERATE_SWIFT_ASSET_SYMBOL_EXTENSIONS = YES;
				CLANG_ANALYZER_NONNULL = YES;
				CLANG_ANALYZER_NUMBER_OBJECT_CONVERSION = YES_AGGRESSIVE;
				CLANG_CXX_LANGUAGE_STANDARD = "gnu++20";
				CLANG_ENABLE_MODULES = YES;
				CLANG_ENABLE_OBJC_ARC = YES;
				CLANG_ENABLE_OBJC_WEAK = YES;
				CLANG_WARN_BLOCK_CAPTURE_AUTORELEASING = YES;
				CLANG_WARN_BOOL_CONVERSION = YES;
				CLANG_WARN_COMMA = YES;
				CLANG_WARN_CONSTANT_CONVERSION = YES;
				CLANG_WARN_DEPRECATED_OBJC_IMPLEMENTATIONS = YES;
				CLANG_WARN_DIRECT_OBJC_ISA_USAGE = YES_ERROR;
				CLANG_WARN_DOCUMENTATION_COMMENTS = YES;
				CLANG_WARN_EMPTY_BODY = YES;
				CLANG_WARN_ENUM_CONVERSION = YES;
				CLANG_WARN_INFINITE_RECURSION = YES;
				CLANG_WARN_INT_CONVERSION = YES;
				CLANG_WARN_NON_LITERAL_NULL_CONVERSION = YES;
				CLANG_WARN_OBJC_IMPLICIT_RETAIN_SELF = YES;
				CLANG_WARN_OBJC_LITERAL_CONVERSION = YES;
				CLANG_WARN_OBJC_ROOT_CLASS = YES_ERROR;
				CLANG_WARN_QUOTED_INCLUDE_IN_FRAMEWORK_HEADER = YES;
				CLANG_WARN_RANGE_LOOP_ANALYSIS = YES;
				CLANG_WARN_STRICT_PROTOTYPES = YES;
				CLANG_WARN_SUSPICIOUS_MOVE = YES;
				CLANG_WARN_UNGUARDED_AVAILABILITY = YES_AGGRESSIVE;
				CLANG_WARN_UNREACHABLE_CODE = YES;
				CLANG_WARN__DUPLICATE_METHOD_MATCH = YES;
				COPY_PHASE_STRIP = NO;
				DEBUG_INFORMATION_FORMAT = dwarf;
				ENABLE_STRICT_OBJC_MSGSEND = YES;
				ENABLE_TESTABILITY = YES;
				ENABLE_USER_SCRIPT_SANDBOXING = YES;
				GCC_C_LANGUAGE_STANDARD = gnu17;
				GCC_DYNAMIC_NO_PIC = NO;
				GCC_NO_COMMON_BLOCKS = YES;
				GCC_OPTIMIZATION_LEVEL = 0;
				GCC_PREPROCESSOR_DEFINITIONS = (
					"DEBUG=1",
					"$(inherited)",
				);
				GCC_WARN_64_TO_32_BIT_CONVERSION = YES;
				GCC_WARN_ABOUT_RETURN_TYPE = YES_ERROR;
				GCC_WARN_UNDECLARED_SELECTOR = YES;
				GCC_WARN_UNINITIALIZED_AUTOS = YES_AGGRESSIVE;
				GCC_WARN_UNUSED_FUNCTION = YES;
				GCC_WARN_UNUSED_VARIABLE = YES;
				IPHONEOS_DEPLOYMENT_TARGET = 17.0;
				LOCALIZATION_PREFERS_STRING_CATALOGS = YES;
				MTL_ENABLE_DEBUG_INFO = INCLUDE_SOURCE;
				MTL_FAST_MATH = YES;
				ONLY_ACTIVE_ARCH = YES;
				SDKROOT = iphoneos;
				SWIFT_ACTIVE_COMPILATION_CONDITIONS = "DEBUG $(inherited)";
				SWIFT_OPTIMIZATION_LEVEL = "-Onone";
			};
			name = Debug;
		};
		B143BB0E2B9EE49A008B2F4D /* Release */ = {
			isa = XCBuildConfiguration;
			buildSettings = {
				ALWAYS_SEARCH_USER_PATHS = NO;
				ASSETCATALOG_COMPILER_GENERATE_SWIFT_ASSET_SYMBOL_EXTENSIONS = YES;
				CLANG_ANALYZER_NONNULL = YES;
				CLANG_ANALYZER_NUMBER_OBJECT_CONVERSION = YES_AGGRESSIVE;
				CLANG_CXX_LANGUAGE_STANDARD = "gnu++20";
				CLANG_ENABLE_MODULES = YES;
				CLANG_ENABLE_OBJC_ARC = YES;
				CLANG_ENABLE_OBJC_WEAK = YES;
				CLANG_WARN_BLOCK_CAPTURE_AUTORELEASING = YES;
				CLANG_WARN_BOOL_CONVERSION = YES;
				CLANG_WARN_COMMA = YES;
				CLANG_WARN_CONSTANT_CONVERSION = YES;
				CLANG_WARN_DEPRECATED_OBJC_IMPLEMENTATIONS = YES;
				CLANG_WARN_DIRECT_OBJC_ISA_USAGE = YES_ERROR;
				CLANG_WARN_DOCUMENTATION_COMMENTS = YES;
				CLANG_WARN_EMPTY_BODY = YES;
				CLANG_WARN_ENUM_CONVERSION = YES;
				CLANG_WARN_INFINITE_RECURSION = YES;
				CLANG_WARN_INT_CONVERSION = YES;
				CLANG_WARN_NON_LITERAL_NULL_CONVERSION = YES;
				CLANG_WARN_OBJC_IMPLICIT_RETAIN_SELF = YES;
				CLANG_WARN_OBJC_LITERAL_CONVERSION = YES;
				CLANG_WARN_OBJC_ROOT_CLASS = YES_ERROR;
				CLANG_WARN_QUOTED_INCLUDE_IN_FRAMEWORK_HEADER = YES;
				CLANG_WARN_RANGE_LOOP_ANALYSIS = YES;
				CLANG_WARN_STRICT_PROTOTYPES = YES;
				CLANG_WARN_SUSPICIOUS_MOVE = YES;
				CLANG_WARN_UNGUARDED_AVAILABILITY = YES_AGGRESSIVE;
				CLANG_WARN_UNREACHABLE_CODE = YES;
				CLANG_WARN__DUPLICATE_METHOD_MATCH = YES;
				COPY_PHASE_STRIP = NO;
				DEBUG_INFORMATION_FORMAT = "dwarf-with-dsym";
				ENABLE_NS_ASSERTIONS = NO;
				ENABLE_STRICT_OBJC_MSGSEND = YES;
				ENABLE_USER_SCRIPT_SANDBOXING = YES;
				GCC_C_LANGUAGE_STANDARD = gnu17;
				GCC_NO_COMMON_BLOCKS = YES;
				GCC_WARN_64_TO_32_BIT_CONVERSION = YES;
				GCC_WARN_ABOUT_RETURN_TYPE = YES_ERROR;
				GCC_WARN_UNDECLARED_SELECTOR = YES;
				GCC_WARN_UNINITIALIZED_AUTOS = YES_AGGRESSIVE;
				GCC_WARN_UNUSED_FUNCTION = YES;
				GCC_WARN_UNUSED_VARIABLE = YES;
				IPHONEOS_DEPLOYMENT_TARGET = 17.0;
				LOCALIZATION_PREFERS_STRING_CATALOGS = YES;
				MTL_ENABLE_DEBUG_INFO = NO;
				MTL_FAST_MATH = YES;
				SDKROOT = iphoneos;
				SWIFT_COMPILATION_MODE = wholemodule;
				VALIDATE_PRODUCT = YES;
			};
			name = Release;
		};
		B143BB102B9EE49A008B2F4D /* Debug */ = {
			isa = XCBuildConfiguration;
			buildSettings = {
				ASSETCATALOG_COMPILER_GLOBAL_ACCENT_COLOR_NAME = AccentColor;
				CODE_SIGN_STYLE = Automatic;
				CURRENT_PROJECT_VERSION = 1;
				DEVELOPMENT_TEAM = 54STNG9K7F;
				GENERATE_INFOPLIST_FILE = YES;
				INFOPLIST_FILE = WiseSplit/Info.plist;
				INFOPLIST_KEY_UIApplicationSupportsIndirectInputEvents = YES;
				INFOPLIST_KEY_UILaunchStoryboardName = LaunchScreen;
				INFOPLIST_KEY_UISupportedInterfaceOrientations = UIInterfaceOrientationPortrait;
				INFOPLIST_KEY_UISupportedInterfaceOrientations_iPad = "UIInterfaceOrientationLandscapeLeft UIInterfaceOrientationLandscapeRight UIInterfaceOrientationPortrait UIInterfaceOrientationPortraitUpsideDown";
				LD_RUNPATH_SEARCH_PATHS = (
					"$(inherited)",
					"@executable_path/Frameworks",
				);
				MARKETING_VERSION = 1.0;
				PRODUCT_BUNDLE_IDENTIFIER = com.skripsi.WiseSplit;
				PRODUCT_NAME = "$(TARGET_NAME)";
				SWIFT_EMIT_LOC_STRINGS = YES;
				SWIFT_VERSION = 5.0;
				TARGETED_DEVICE_FAMILY = "1,2";
			};
			name = Debug;
		};
		B143BB112B9EE49A008B2F4D /* Release */ = {
			isa = XCBuildConfiguration;
			buildSettings = {
				ASSETCATALOG_COMPILER_GLOBAL_ACCENT_COLOR_NAME = AccentColor;
				CODE_SIGN_STYLE = Automatic;
				CURRENT_PROJECT_VERSION = 1;
				DEVELOPMENT_TEAM = 54STNG9K7F;
				GENERATE_INFOPLIST_FILE = YES;
				INFOPLIST_FILE = WiseSplit/Info.plist;
				INFOPLIST_KEY_UIApplicationSupportsIndirectInputEvents = YES;
				INFOPLIST_KEY_UILaunchStoryboardName = LaunchScreen;
				INFOPLIST_KEY_UISupportedInterfaceOrientations = UIInterfaceOrientationPortrait;
				INFOPLIST_KEY_UISupportedInterfaceOrientations_iPad = "UIInterfaceOrientationLandscapeLeft UIInterfaceOrientationLandscapeRight UIInterfaceOrientationPortrait UIInterfaceOrientationPortraitUpsideDown";
				LD_RUNPATH_SEARCH_PATHS = (
					"$(inherited)",
					"@executable_path/Frameworks",
				);
				MARKETING_VERSION = 1.0;
				PRODUCT_BUNDLE_IDENTIFIER = com.skripsi.WiseSplit;
				PRODUCT_NAME = "$(TARGET_NAME)";
				SWIFT_EMIT_LOC_STRINGS = YES;
				SWIFT_VERSION = 5.0;
				TARGETED_DEVICE_FAMILY = "1,2";
			};
			name = Release;
		};
/* End XCBuildConfiguration section */

/* Begin XCConfigurationList section */
		B143BAF62B9EE497008B2F4D /* Build configuration list for PBXProject "WiseSplit" */ = {
			isa = XCConfigurationList;
			buildConfigurations = (
				B143BB0D2B9EE49A008B2F4D /* Debug */,
				B143BB0E2B9EE49A008B2F4D /* Release */,
			);
			defaultConfigurationIsVisible = 0;
			defaultConfigurationName = Release;
		};
		B143BB0F2B9EE49A008B2F4D /* Build configuration list for PBXNativeTarget "WiseSplit" */ = {
			isa = XCConfigurationList;
			buildConfigurations = (
				B143BB102B9EE49A008B2F4D /* Debug */,
				B143BB112B9EE49A008B2F4D /* Release */,
			);
			defaultConfigurationIsVisible = 0;
			defaultConfigurationName = Release;
		};
/* End XCConfigurationList section */

/* Begin XCRemoteSwiftPackageReference section */
		B143BB1C2BA42E9A008B2F4D /* XCRemoteSwiftPackageReference "firebase-ios-sdk" */ = {
			isa = XCRemoteSwiftPackageReference;
			repositoryURL = "https://github.com/firebase/firebase-ios-sdk";
			requirement = {
				kind = upToNextMajorVersion;
				minimumVersion = 10.22.1;
			};
		};
/* End XCRemoteSwiftPackageReference section */

/* Begin XCSwiftPackageProductDependency section */
		B143BB1D2BA42E9A008B2F4D /* FirebaseAnalytics */ = {
			isa = XCSwiftPackageProductDependency;
			package = B143BB1C2BA42E9A008B2F4D /* XCRemoteSwiftPackageReference "firebase-ios-sdk" */;
			productName = FirebaseAnalytics;
		};
		B143BB1F2BA42E9A008B2F4D /* FirebaseAnalyticsOnDeviceConversion */ = {
			isa = XCSwiftPackageProductDependency;
			package = B143BB1C2BA42E9A008B2F4D /* XCRemoteSwiftPackageReference "firebase-ios-sdk" */;
			productName = FirebaseAnalyticsOnDeviceConversion;
		};
		B143BB212BA42E9A008B2F4D /* FirebaseAnalyticsSwift */ = {
			isa = XCSwiftPackageProductDependency;
			package = B143BB1C2BA42E9A008B2F4D /* XCRemoteSwiftPackageReference "firebase-ios-sdk" */;
			productName = FirebaseAnalyticsSwift;
		};
		B143BB232BA42E9A008B2F4D /* FirebaseAnalyticsWithoutAdIdSupport */ = {
			isa = XCSwiftPackageProductDependency;
			package = B143BB1C2BA42E9A008B2F4D /* XCRemoteSwiftPackageReference "firebase-ios-sdk" */;
			productName = FirebaseAnalyticsWithoutAdIdSupport;
		};
		B143BB252BA42E9A008B2F4D /* FirebaseAppCheck */ = {
			isa = XCSwiftPackageProductDependency;
			package = B143BB1C2BA42E9A008B2F4D /* XCRemoteSwiftPackageReference "firebase-ios-sdk" */;
			productName = FirebaseAppCheck;
		};
		B143BB272BA42E9A008B2F4D /* FirebaseAppDistribution-Beta */ = {
			isa = XCSwiftPackageProductDependency;
			package = B143BB1C2BA42E9A008B2F4D /* XCRemoteSwiftPackageReference "firebase-ios-sdk" */;
			productName = "FirebaseAppDistribution-Beta";
		};
		B143BB292BA42E9A008B2F4D /* FirebaseAuth */ = {
			isa = XCSwiftPackageProductDependency;
			package = B143BB1C2BA42E9A008B2F4D /* XCRemoteSwiftPackageReference "firebase-ios-sdk" */;
			productName = FirebaseAuth;
		};
		B143BB2B2BA42E9A008B2F4D /* FirebaseAuthCombine-Community */ = {
			isa = XCSwiftPackageProductDependency;
			package = B143BB1C2BA42E9A008B2F4D /* XCRemoteSwiftPackageReference "firebase-ios-sdk" */;
			productName = "FirebaseAuthCombine-Community";
		};
		B143BB2D2BA42E9A008B2F4D /* FirebaseCrashlytics */ = {
			isa = XCSwiftPackageProductDependency;
			package = B143BB1C2BA42E9A008B2F4D /* XCRemoteSwiftPackageReference "firebase-ios-sdk" */;
			productName = FirebaseCrashlytics;
		};
		B143BB2F2BA42E9A008B2F4D /* FirebaseDatabase */ = {
			isa = XCSwiftPackageProductDependency;
			package = B143BB1C2BA42E9A008B2F4D /* XCRemoteSwiftPackageReference "firebase-ios-sdk" */;
			productName = FirebaseDatabase;
		};
		B143BB312BA42E9A008B2F4D /* FirebaseDatabaseSwift */ = {
			isa = XCSwiftPackageProductDependency;
			package = B143BB1C2BA42E9A008B2F4D /* XCRemoteSwiftPackageReference "firebase-ios-sdk" */;
			productName = FirebaseDatabaseSwift;
		};
		B143BB332BA42E9A008B2F4D /* FirebaseDynamicLinks */ = {
			isa = XCSwiftPackageProductDependency;
			package = B143BB1C2BA42E9A008B2F4D /* XCRemoteSwiftPackageReference "firebase-ios-sdk" */;
			productName = FirebaseDynamicLinks;
		};
		B143BB352BA42E9A008B2F4D /* FirebaseFirestore */ = {
			isa = XCSwiftPackageProductDependency;
			package = B143BB1C2BA42E9A008B2F4D /* XCRemoteSwiftPackageReference "firebase-ios-sdk" */;
			productName = FirebaseFirestore;
		};
		B143BB372BA42E9A008B2F4D /* FirebaseFirestoreCombine-Community */ = {
			isa = XCSwiftPackageProductDependency;
			package = B143BB1C2BA42E9A008B2F4D /* XCRemoteSwiftPackageReference "firebase-ios-sdk" */;
			productName = "FirebaseFirestoreCombine-Community";
		};
		B143BB392BA42E9A008B2F4D /* FirebaseFirestoreSwift */ = {
			isa = XCSwiftPackageProductDependency;
			package = B143BB1C2BA42E9A008B2F4D /* XCRemoteSwiftPackageReference "firebase-ios-sdk" */;
			productName = FirebaseFirestoreSwift;
		};
		B143BB3B2BA42E9A008B2F4D /* FirebaseFunctions */ = {
			isa = XCSwiftPackageProductDependency;
			package = B143BB1C2BA42E9A008B2F4D /* XCRemoteSwiftPackageReference "firebase-ios-sdk" */;
			productName = FirebaseFunctions;
		};
		B143BB3D2BA42E9A008B2F4D /* FirebaseFunctionsCombine-Community */ = {
			isa = XCSwiftPackageProductDependency;
			package = B143BB1C2BA42E9A008B2F4D /* XCRemoteSwiftPackageReference "firebase-ios-sdk" */;
			productName = "FirebaseFunctionsCombine-Community";
		};
		B143BB3F2BA42E9A008B2F4D /* FirebaseInAppMessaging-Beta */ = {
			isa = XCSwiftPackageProductDependency;
			package = B143BB1C2BA42E9A008B2F4D /* XCRemoteSwiftPackageReference "firebase-ios-sdk" */;
			productName = "FirebaseInAppMessaging-Beta";
		};
		B143BB412BA42E9A008B2F4D /* FirebaseInAppMessagingSwift-Beta */ = {
			isa = XCSwiftPackageProductDependency;
			package = B143BB1C2BA42E9A008B2F4D /* XCRemoteSwiftPackageReference "firebase-ios-sdk" */;
			productName = "FirebaseInAppMessagingSwift-Beta";
		};
		B143BB432BA42E9A008B2F4D /* FirebaseInstallations */ = {
			isa = XCSwiftPackageProductDependency;
			package = B143BB1C2BA42E9A008B2F4D /* XCRemoteSwiftPackageReference "firebase-ios-sdk" */;
			productName = FirebaseInstallations;
		};
		B143BB452BA42E9A008B2F4D /* FirebaseMLModelDownloader */ = {
			isa = XCSwiftPackageProductDependency;
			package = B143BB1C2BA42E9A008B2F4D /* XCRemoteSwiftPackageReference "firebase-ios-sdk" */;
			productName = FirebaseMLModelDownloader;
		};
		B143BB472BA42E9A008B2F4D /* FirebaseMessaging */ = {
			isa = XCSwiftPackageProductDependency;
			package = B143BB1C2BA42E9A008B2F4D /* XCRemoteSwiftPackageReference "firebase-ios-sdk" */;
			productName = FirebaseMessaging;
		};
		B143BB492BA42E9A008B2F4D /* FirebasePerformance */ = {
			isa = XCSwiftPackageProductDependency;
			package = B143BB1C2BA42E9A008B2F4D /* XCRemoteSwiftPackageReference "firebase-ios-sdk" */;
			productName = FirebasePerformance;
		};
		B143BB4B2BA42E9A008B2F4D /* FirebaseRemoteConfig */ = {
			isa = XCSwiftPackageProductDependency;
			package = B143BB1C2BA42E9A008B2F4D /* XCRemoteSwiftPackageReference "firebase-ios-sdk" */;
			productName = FirebaseRemoteConfig;
		};
		B143BB4D2BA42E9A008B2F4D /* FirebaseRemoteConfigSwift */ = {
			isa = XCSwiftPackageProductDependency;
			package = B143BB1C2BA42E9A008B2F4D /* XCRemoteSwiftPackageReference "firebase-ios-sdk" */;
			productName = FirebaseRemoteConfigSwift;
		};
		B143BB4F2BA42E9A008B2F4D /* FirebaseStorage */ = {
			isa = XCSwiftPackageProductDependency;
			package = B143BB1C2BA42E9A008B2F4D /* XCRemoteSwiftPackageReference "firebase-ios-sdk" */;
			productName = FirebaseStorage;
		};
		B143BB512BA42E9A008B2F4D /* FirebaseStorageCombine-Community */ = {
			isa = XCSwiftPackageProductDependency;
			package = B143BB1C2BA42E9A008B2F4D /* XCRemoteSwiftPackageReference "firebase-ios-sdk" */;
			productName = "FirebaseStorageCombine-Community";
		};
/* End XCSwiftPackageProductDependency section */
	};
	rootObject = B143BAF32B9EE497008B2F4D /* Project object */;
}
