// !$*UTF8*$!
{
	archiveVersion = 1;
	classes = {
	};
	objectVersion = 56;
	objects = {

/* Begin PBXBuildFile section */
		5D296D2E2C08A8290073E210 /* OweResultViewController.swift in Sources */ = {isa = PBXBuildFile; fileRef = 5D296D2D2C08A8290073E210 /* OweResultViewController.swift */; };
		5D296D342C08A8720073E210 /* AddPaymentInfoViewController.swift in Sources */ = {isa = PBXBuildFile; fileRef = 5D296D332C08A8720073E210 /* AddPaymentInfoViewController.swift */; };
		5D296D372C08A8900073E210 /* WhatsAppConfig.swift in Sources */ = {isa = PBXBuildFile; fileRef = 5D296D362C08A8900073E210 /* WhatsAppConfig.swift */; };
		5D2AC93B2BF71C2F00B033AE /* EditBillViewController.swift in Sources */ = {isa = PBXBuildFile; fileRef = 5D2AC93A2BF71C2F00B033AE /* EditBillViewController.swift */; };
		5DB30EC82BFB6BA1007F34D5 /* UserTemp.swift in Sources */ = {isa = PBXBuildFile; fileRef = 5DB30EC72BFB6BA1007F34D5 /* UserTemp.swift */; };
		5DCE3CBB2BDD73CA0067F9FD /* CaptureCameraSplitBillViewController.swift in Sources */ = {isa = PBXBuildFile; fileRef = 5DCE3CBA2BDD73CA0067F9FD /* CaptureCameraSplitBillViewController.swift */; };
		5DCE3CBD2BDD73DF0067F9FD /* ImageViewController.swift in Sources */ = {isa = PBXBuildFile; fileRef = 5DCE3CBC2BDD73DF0067F9FD /* ImageViewController.swift */; };
		5DCE3CBF2BDD73F00067F9FD /* OCRViewController.swift in Sources */ = {isa = PBXBuildFile; fileRef = 5DCE3CBE2BDD73F00067F9FD /* OCRViewController.swift */; };
		5DCE3CC52BDD75570067F9FD /* ImageReceiptModel.mlmodel in Sources */ = {isa = PBXBuildFile; fileRef = 5DCE3CC42BDD75570067F9FD /* ImageReceiptModel.mlmodel */; };
		5DCE3CC72BDE59AD0067F9FD /* InitiateSplitBillViewController.swift in Sources */ = {isa = PBXBuildFile; fileRef = 5DCE3CC62BDE59AD0067F9FD /* InitiateSplitBillViewController.swift */; };
		B13C369E2C0F54FA00282F26 /* AddPaymentInfoViewModel.swift in Sources */ = {isa = PBXBuildFile; fileRef = B13C369D2C0F54FA00282F26 /* AddPaymentInfoViewModel.swift */; };
		B13C36A02C0F59DD00282F26 /* AddPaymentInfoDelegate.swift in Sources */ = {isa = PBXBuildFile; fileRef = B13C369F2C0F59DD00282F26 /* AddPaymentInfoDelegate.swift */; };
		B143BAFF2B9EE497008B2F4D /* AppDelegate.swift in Sources */ = {isa = PBXBuildFile; fileRef = B143BAFE2B9EE497008B2F4D /* AppDelegate.swift */; };
		B143BB082B9EE49A008B2F4D /* Assets.xcassets in Resources */ = {isa = PBXBuildFile; fileRef = B143BB072B9EE49A008B2F4D /* Assets.xcassets */; };
		B143BB0B2B9EE49A008B2F4D /* LaunchScreen.storyboard in Resources */ = {isa = PBXBuildFile; fileRef = B143BB092B9EE49A008B2F4D /* LaunchScreen.storyboard */; };
		B143BB132B9EE509008B2F4D /* RegisterViewController.swift in Sources */ = {isa = PBXBuildFile; fileRef = B143BB122B9EE509008B2F4D /* RegisterViewController.swift */; };
		B143BB152B9F365D008B2F4D /* RegisterViewModel.swift in Sources */ = {isa = PBXBuildFile; fileRef = B143BB142B9F365D008B2F4D /* RegisterViewModel.swift */; };
		B143BB182BA35DA8008B2F4D /* Account.swift in Sources */ = {isa = PBXBuildFile; fileRef = B143BB172BA35DA8008B2F4D /* Account.swift */; };
		B143BB1B2BA42CEC008B2F4D /* GoogleService-Info.plist in Resources */ = {isa = PBXBuildFile; fileRef = B143BB1A2BA42CEC008B2F4D /* GoogleService-Info.plist */; };
		B143BB1E2BA42E9A008B2F4D /* FirebaseAnalytics in Frameworks */ = {isa = PBXBuildFile; productRef = B143BB1D2BA42E9A008B2F4D /* FirebaseAnalytics */; };
		B143BB202BA42E9A008B2F4D /* FirebaseAnalyticsOnDeviceConversion in Frameworks */ = {isa = PBXBuildFile; productRef = B143BB1F2BA42E9A008B2F4D /* FirebaseAnalyticsOnDeviceConversion */; };
		B143BB222BA42E9A008B2F4D /* FirebaseAnalyticsSwift in Frameworks */ = {isa = PBXBuildFile; productRef = B143BB212BA42E9A008B2F4D /* FirebaseAnalyticsSwift */; };
		B143BB242BA42E9A008B2F4D /* FirebaseAnalyticsWithoutAdIdSupport in Frameworks */ = {isa = PBXBuildFile; productRef = B143BB232BA42E9A008B2F4D /* FirebaseAnalyticsWithoutAdIdSupport */; };
		B143BB262BA42E9A008B2F4D /* FirebaseAppCheck in Frameworks */ = {isa = PBXBuildFile; productRef = B143BB252BA42E9A008B2F4D /* FirebaseAppCheck */; };
		B143BB282BA42E9A008B2F4D /* FirebaseAppDistribution-Beta in Frameworks */ = {isa = PBXBuildFile; productRef = B143BB272BA42E9A008B2F4D /* FirebaseAppDistribution-Beta */; };
		B143BB2A2BA42E9A008B2F4D /* FirebaseAuth in Frameworks */ = {isa = PBXBuildFile; productRef = B143BB292BA42E9A008B2F4D /* FirebaseAuth */; };
		B143BB2C2BA42E9A008B2F4D /* FirebaseAuthCombine-Community in Frameworks */ = {isa = PBXBuildFile; productRef = B143BB2B2BA42E9A008B2F4D /* FirebaseAuthCombine-Community */; };
		B143BB2E2BA42E9A008B2F4D /* FirebaseCrashlytics in Frameworks */ = {isa = PBXBuildFile; productRef = B143BB2D2BA42E9A008B2F4D /* FirebaseCrashlytics */; };
		B143BB302BA42E9A008B2F4D /* FirebaseDatabase in Frameworks */ = {isa = PBXBuildFile; productRef = B143BB2F2BA42E9A008B2F4D /* FirebaseDatabase */; };
		B143BB322BA42E9A008B2F4D /* FirebaseDatabaseSwift in Frameworks */ = {isa = PBXBuildFile; productRef = B143BB312BA42E9A008B2F4D /* FirebaseDatabaseSwift */; };
		B143BB342BA42E9A008B2F4D /* FirebaseDynamicLinks in Frameworks */ = {isa = PBXBuildFile; productRef = B143BB332BA42E9A008B2F4D /* FirebaseDynamicLinks */; };
		B143BB362BA42E9A008B2F4D /* FirebaseFirestore in Frameworks */ = {isa = PBXBuildFile; productRef = B143BB352BA42E9A008B2F4D /* FirebaseFirestore */; };
		B143BB382BA42E9A008B2F4D /* FirebaseFirestoreCombine-Community in Frameworks */ = {isa = PBXBuildFile; productRef = B143BB372BA42E9A008B2F4D /* FirebaseFirestoreCombine-Community */; };
		B143BB3A2BA42E9A008B2F4D /* FirebaseFirestoreSwift in Frameworks */ = {isa = PBXBuildFile; productRef = B143BB392BA42E9A008B2F4D /* FirebaseFirestoreSwift */; };
		B143BB3C2BA42E9A008B2F4D /* FirebaseFunctions in Frameworks */ = {isa = PBXBuildFile; productRef = B143BB3B2BA42E9A008B2F4D /* FirebaseFunctions */; };
		B143BB3E2BA42E9A008B2F4D /* FirebaseFunctionsCombine-Community in Frameworks */ = {isa = PBXBuildFile; productRef = B143BB3D2BA42E9A008B2F4D /* FirebaseFunctionsCombine-Community */; };
		B143BB402BA42E9A008B2F4D /* FirebaseInAppMessaging-Beta in Frameworks */ = {isa = PBXBuildFile; productRef = B143BB3F2BA42E9A008B2F4D /* FirebaseInAppMessaging-Beta */; };
		B143BB422BA42E9A008B2F4D /* FirebaseInAppMessagingSwift-Beta in Frameworks */ = {isa = PBXBuildFile; productRef = B143BB412BA42E9A008B2F4D /* FirebaseInAppMessagingSwift-Beta */; };
		B143BB442BA42E9A008B2F4D /* FirebaseInstallations in Frameworks */ = {isa = PBXBuildFile; productRef = B143BB432BA42E9A008B2F4D /* FirebaseInstallations */; };
		B143BB462BA42E9A008B2F4D /* FirebaseMLModelDownloader in Frameworks */ = {isa = PBXBuildFile; productRef = B143BB452BA42E9A008B2F4D /* FirebaseMLModelDownloader */; };
		B143BB482BA42E9A008B2F4D /* FirebaseMessaging in Frameworks */ = {isa = PBXBuildFile; productRef = B143BB472BA42E9A008B2F4D /* FirebaseMessaging */; };
		B143BB4A2BA42E9A008B2F4D /* FirebasePerformance in Frameworks */ = {isa = PBXBuildFile; productRef = B143BB492BA42E9A008B2F4D /* FirebasePerformance */; };
		B143BB4C2BA42E9A008B2F4D /* FirebaseRemoteConfig in Frameworks */ = {isa = PBXBuildFile; productRef = B143BB4B2BA42E9A008B2F4D /* FirebaseRemoteConfig */; };
		B143BB4E2BA42E9A008B2F4D /* FirebaseRemoteConfigSwift in Frameworks */ = {isa = PBXBuildFile; productRef = B143BB4D2BA42E9A008B2F4D /* FirebaseRemoteConfigSwift */; };
		B143BB502BA42E9A008B2F4D /* FirebaseStorage in Frameworks */ = {isa = PBXBuildFile; productRef = B143BB4F2BA42E9A008B2F4D /* FirebaseStorage */; };
		B143BB522BA42E9A008B2F4D /* FirebaseStorageCombine-Community in Frameworks */ = {isa = PBXBuildFile; productRef = B143BB512BA42E9A008B2F4D /* FirebaseStorageCombine-Community */; };
		B143BB542BA4368D008B2F4D /* EnumRegister.swift in Sources */ = {isa = PBXBuildFile; fileRef = B143BB532BA4368D008B2F4D /* EnumRegister.swift */; };
		B165D5952BAD5B8300EC6BF7 /* LoginViewController.swift in Sources */ = {isa = PBXBuildFile; fileRef = B165D5942BAD5B8300EC6BF7 /* LoginViewController.swift */; };
		B165D5972BAD5B8A00EC6BF7 /* LoginViewModel.swift in Sources */ = {isa = PBXBuildFile; fileRef = B165D5962BAD5B8A00EC6BF7 /* LoginViewModel.swift */; };
		B165D59F2BBB9A6000EC6BF7 /* ProfileViewModel.swift in Sources */ = {isa = PBXBuildFile; fileRef = B165D59E2BBB9A6000EC6BF7 /* ProfileViewModel.swift */; };
		B165D5A12BBB9FBF00EC6BF7 /* ProfileViewController.swift in Sources */ = {isa = PBXBuildFile; fileRef = B165D5A02BBB9FBF00EC6BF7 /* ProfileViewController.swift */; };
		B165D5A32BBBA0AA00EC6BF7 /* HomeViewController.swift in Sources */ = {isa = PBXBuildFile; fileRef = B165D5A22BBBA0AA00EC6BF7 /* HomeViewController.swift */; };
		B165D5A62BC9A2A100EC6BF7 /* Color.swift in Sources */ = {isa = PBXBuildFile; fileRef = B165D5A52BC9A2A100EC6BF7 /* Color.swift */; };
		B165D5A92BC9AEBC00EC6BF7 /* TabBarController.swift in Sources */ = {isa = PBXBuildFile; fileRef = B165D5A82BC9AEBC00EC6BF7 /* TabBarController.swift */; };
		B165D5AC2BC9AF7C00EC6BF7 /* AddBudgetViewController.swift in Sources */ = {isa = PBXBuildFile; fileRef = B165D5AB2BC9AF7C00EC6BF7 /* AddBudgetViewController.swift */; };
		B165D5B02BC9B76200EC6BF7 /* AddBudgetViewModel.swift in Sources */ = {isa = PBXBuildFile; fileRef = B165D5AF2BC9B76200EC6BF7 /* AddBudgetViewModel.swift */; };
		B165D5B22BCA86E500EC6BF7 /* AddPaymentViewController.swift in Sources */ = {isa = PBXBuildFile; fileRef = B165D5B12BCA86E400EC6BF7 /* AddPaymentViewController.swift */; };
		B165D5B62BCA872300EC6BF7 /* PaddedTextField.swift in Sources */ = {isa = PBXBuildFile; fileRef = B165D5B52BCA872300EC6BF7 /* PaddedTextField.swift */; };
		B165D5B82BCA883600EC6BF7 /* AddPaymentViewModel.swift in Sources */ = {isa = PBXBuildFile; fileRef = B165D5B72BCA883600EC6BF7 /* AddPaymentViewModel.swift */; };
		B165D5BA2BCA8AC100EC6BF7 /* AddPaymentUIPickerCategory.swift in Sources */ = {isa = PBXBuildFile; fileRef = B165D5B92BCA8AC100EC6BF7 /* AddPaymentUIPickerCategory.swift */; };
		B165D5BC2BCA944C00EC6BF7 /* BaseViewController.swift in Sources */ = {isa = PBXBuildFile; fileRef = B165D5BB2BCA944C00EC6BF7 /* BaseViewController.swift */; };
		B165D5BE2BCA964F00EC6BF7 /* AddPaymentDatePicker.swift in Sources */ = {isa = PBXBuildFile; fileRef = B165D5BD2BCA964F00EC6BF7 /* AddPaymentDatePicker.swift */; };
		B165D5C22BD7FD2700EC6BF7 /* HomeViewModel.swift in Sources */ = {isa = PBXBuildFile; fileRef = B165D5C12BD7FD2700EC6BF7 /* HomeViewModel.swift */; };
		B165D5C52BD813EC00EC6BF7 /* HistoryPaymentViewController.swift in Sources */ = {isa = PBXBuildFile; fileRef = B165D5C42BD813EC00EC6BF7 /* HistoryPaymentViewController.swift */; };
		B165D5C72BD813F500EC6BF7 /* HistoryPaymentViewModel.swift in Sources */ = {isa = PBXBuildFile; fileRef = B165D5C62BD813F500EC6BF7 /* HistoryPaymentViewModel.swift */; };
		B165D5C92BDB583200EC6BF7 /* LoadingIndicator.swift in Sources */ = {isa = PBXBuildFile; fileRef = B165D5C82BDB583100EC6BF7 /* LoadingIndicator.swift */; };
		B165D5CB2BDB5EC800EC6BF7 /* EnumAddBudget.swift in Sources */ = {isa = PBXBuildFile; fileRef = B165D5CA2BDB5EC800EC6BF7 /* EnumAddBudget.swift */; };
		B165D5CD2BDB63DF00EC6BF7 /* EnumAddPayment.swift in Sources */ = {isa = PBXBuildFile; fileRef = B165D5CC2BDB63DF00EC6BF7 /* EnumAddPayment.swift */; };
		B165D5D02BE5005500EC6BF7 /* Transaction.swift in Sources */ = {isa = PBXBuildFile; fileRef = B165D5CF2BE5005500EC6BF7 /* Transaction.swift */; };
		B165D5D22BE5036600EC6BF7 /* TransactionTableViewCell.swift in Sources */ = {isa = PBXBuildFile; fileRef = B165D5D12BE5036600EC6BF7 /* TransactionTableViewCell.swift */; };
		B165D5D52BF6889E00EC6BF7 /* SearchFriendViewModel.swift in Sources */ = {isa = PBXBuildFile; fileRef = B165D5D42BF6889E00EC6BF7 /* SearchFriendViewModel.swift */; };
		B165D5D72BF689FE00EC6BF7 /* SearchFriendViewController.swift in Sources */ = {isa = PBXBuildFile; fileRef = B165D5D62BF689FE00EC6BF7 /* SearchFriendViewController.swift */; };
		B165D5D92BF68A2800EC6BF7 /* SearchFriendTableViewCell.swift in Sources */ = {isa = PBXBuildFile; fileRef = B165D5D82BF68A2800EC6BF7 /* SearchFriendTableViewCell.swift */; };
		B165D5DB2C00E26B00EC6BF7 /* OTPViewController.swift in Sources */ = {isa = PBXBuildFile; fileRef = B165D5DA2C00E26B00EC6BF7 /* OTPViewController.swift */; };
		B165D5DE2C00E28700EC6BF7 /* OTPViewModel.swift in Sources */ = {isa = PBXBuildFile; fileRef = B165D5DD2C00E28700EC6BF7 /* OTPViewModel.swift */; };
		B17E7A342C08C78A0045659C /* ResultViewController.swift in Sources */ = {isa = PBXBuildFile; fileRef = B17E7A332C08C78A0045659C /* ResultViewController.swift */; };
		B17E7A362C08C79C0045659C /* ResultViewModel.swift in Sources */ = {isa = PBXBuildFile; fileRef = B17E7A352C08C79C0045659C /* ResultViewModel.swift */; };
		B17E7A3E2C08D4F60045659C /* EditSplitBillViewModel.swift in Sources */ = {isa = PBXBuildFile; fileRef = B17E7A3D2C08D4F60045659C /* EditSplitBillViewModel.swift */; };
		B17E7A402C08DF540045659C /* ShowSheet.swift in Sources */ = {isa = PBXBuildFile; fileRef = B17E7A3F2C08DF540045659C /* ShowSheet.swift */; };
		B17E7A422C08E3D10045659C /* SearchFriendDelegate.swift in Sources */ = {isa = PBXBuildFile; fileRef = B17E7A412C08E3D10045659C /* SearchFriendDelegate.swift */; };
		B17E7A442C0B01C30045659C /* PresentAlert.swift in Sources */ = {isa = PBXBuildFile; fileRef = B17E7A432C0B01C30045659C /* PresentAlert.swift */; };
		B17E7A462C0B07020045659C /* CompressImage.swift in Sources */ = {isa = PBXBuildFile; fileRef = B17E7A452C0B07020045659C /* CompressImage.swift */; };
		B1A86E352C0B9CC100E0B8E2 /* FormatDateHour.swift in Sources */ = {isa = PBXBuildFile; fileRef = B1A86E342C0B9CC100E0B8E2 /* FormatDateHour.swift */; };
		B1B68C942C12004700D2CCBB /* OCRResult.swift in Sources */ = {isa = PBXBuildFile; fileRef = B1B68C932C12004700D2CCBB /* OCRResult.swift */; };
		B1B68C962C12015700D2CCBB /* OCRViewModel.swift in Sources */ = {isa = PBXBuildFile; fileRef = B1B68C952C12015700D2CCBB /* OCRViewModel.swift */; };
		B1C96B712C0329BA00158F40 /* BarChartsView.swift in Sources */ = {isa = PBXBuildFile; fileRef = B1C96B702C0329BA00158F40 /* BarChartsView.swift */; };
		B1C96B732C03937100158F40 /* FormatIDR.swift in Sources */ = {isa = PBXBuildFile; fileRef = B1C96B722C03937100158F40 /* FormatIDR.swift */; };
		B1C96B782C06337600158F40 /* SplitBill.swift in Sources */ = {isa = PBXBuildFile; fileRef = B1C96B772C06337600158F40 /* SplitBill.swift */; };
		B1C96B7B2C0638A500158F40 /* StorageImageFirebase.swift in Sources */ = {isa = PBXBuildFile; fileRef = B1C96B7A2C0638A500158F40 /* StorageImageFirebase.swift */; };
		B1C96B7D2C063D0900158F40 /* FormatDateFirebase.swift in Sources */ = {isa = PBXBuildFile; fileRef = B1C96B7C2C063D0900158F40 /* FormatDateFirebase.swift */; };
/* End PBXBuildFile section */

/* Begin PBXFileReference section */
		5D296D2D2C08A8290073E210 /* OweResultViewController.swift */ = {isa = PBXFileReference; lastKnownFileType = sourcecode.swift; path = OweResultViewController.swift; sourceTree = "<group>"; };
		5D296D332C08A8720073E210 /* AddPaymentInfoViewController.swift */ = {isa = PBXFileReference; lastKnownFileType = sourcecode.swift; path = AddPaymentInfoViewController.swift; sourceTree = "<group>"; };
		5D296D362C08A8900073E210 /* WhatsAppConfig.swift */ = {isa = PBXFileReference; lastKnownFileType = sourcecode.swift; path = WhatsAppConfig.swift; sourceTree = "<group>"; };
		5D2AC93A2BF71C2F00B033AE /* EditBillViewController.swift */ = {isa = PBXFileReference; lastKnownFileType = sourcecode.swift; path = EditBillViewController.swift; sourceTree = "<group>"; };
		5DB30EC72BFB6BA1007F34D5 /* UserTemp.swift */ = {isa = PBXFileReference; lastKnownFileType = sourcecode.swift; path = UserTemp.swift; sourceTree = "<group>"; };
		5DCE3CBA2BDD73CA0067F9FD /* CaptureCameraSplitBillViewController.swift */ = {isa = PBXFileReference; lastKnownFileType = sourcecode.swift; path = CaptureCameraSplitBillViewController.swift; sourceTree = "<group>"; };
		5DCE3CBC2BDD73DF0067F9FD /* ImageViewController.swift */ = {isa = PBXFileReference; lastKnownFileType = sourcecode.swift; path = ImageViewController.swift; sourceTree = "<group>"; };
		5DCE3CBE2BDD73F00067F9FD /* OCRViewController.swift */ = {isa = PBXFileReference; lastKnownFileType = sourcecode.swift; path = OCRViewController.swift; sourceTree = "<group>"; };
		5DCE3CC42BDD75570067F9FD /* ImageReceiptModel.mlmodel */ = {isa = PBXFileReference; lastKnownFileType = file.mlmodel; path = ImageReceiptModel.mlmodel; sourceTree = "<group>"; };
		5DCE3CC62BDE59AD0067F9FD /* InitiateSplitBillViewController.swift */ = {isa = PBXFileReference; lastKnownFileType = sourcecode.swift; path = InitiateSplitBillViewController.swift; sourceTree = "<group>"; };
		B13C369D2C0F54FA00282F26 /* AddPaymentInfoViewModel.swift */ = {isa = PBXFileReference; lastKnownFileType = sourcecode.swift; path = AddPaymentInfoViewModel.swift; sourceTree = "<group>"; };
		B13C369F2C0F59DD00282F26 /* AddPaymentInfoDelegate.swift */ = {isa = PBXFileReference; lastKnownFileType = sourcecode.swift; path = AddPaymentInfoDelegate.swift; sourceTree = "<group>"; };
		B143BAFB2B9EE497008B2F4D /* WiseSplit.app */ = {isa = PBXFileReference; explicitFileType = wrapper.application; includeInIndex = 0; path = WiseSplit.app; sourceTree = BUILT_PRODUCTS_DIR; };
		B143BAFE2B9EE497008B2F4D /* AppDelegate.swift */ = {isa = PBXFileReference; lastKnownFileType = sourcecode.swift; path = AppDelegate.swift; sourceTree = "<group>"; };
		B143BB072B9EE49A008B2F4D /* Assets.xcassets */ = {isa = PBXFileReference; lastKnownFileType = folder.assetcatalog; path = Assets.xcassets; sourceTree = "<group>"; };
		B143BB0A2B9EE49A008B2F4D /* Base */ = {isa = PBXFileReference; lastKnownFileType = file.storyboard; name = Base; path = Base.lproj/LaunchScreen.storyboard; sourceTree = "<group>"; };
		B143BB0C2B9EE49A008B2F4D /* Info.plist */ = {isa = PBXFileReference; lastKnownFileType = text.plist.xml; path = Info.plist; sourceTree = "<group>"; };
		B143BB122B9EE509008B2F4D /* RegisterViewController.swift */ = {isa = PBXFileReference; lastKnownFileType = sourcecode.swift; path = RegisterViewController.swift; sourceTree = "<group>"; };
		B143BB142B9F365D008B2F4D /* RegisterViewModel.swift */ = {isa = PBXFileReference; lastKnownFileType = sourcecode.swift; path = RegisterViewModel.swift; sourceTree = "<group>"; };
		B143BB172BA35DA8008B2F4D /* Account.swift */ = {isa = PBXFileReference; lastKnownFileType = sourcecode.swift; path = Account.swift; sourceTree = "<group>"; };
		B143BB1A2BA42CEC008B2F4D /* GoogleService-Info.plist */ = {isa = PBXFileReference; fileEncoding = 4; lastKnownFileType = text.plist.xml; path = "GoogleService-Info.plist"; sourceTree = "<group>"; };
		B143BB532BA4368D008B2F4D /* EnumRegister.swift */ = {isa = PBXFileReference; lastKnownFileType = sourcecode.swift; path = EnumRegister.swift; sourceTree = "<group>"; };
		B165D5942BAD5B8300EC6BF7 /* LoginViewController.swift */ = {isa = PBXFileReference; lastKnownFileType = sourcecode.swift; path = LoginViewController.swift; sourceTree = "<group>"; };
		B165D5962BAD5B8A00EC6BF7 /* LoginViewModel.swift */ = {isa = PBXFileReference; lastKnownFileType = sourcecode.swift; path = LoginViewModel.swift; sourceTree = "<group>"; };
		B165D59E2BBB9A6000EC6BF7 /* ProfileViewModel.swift */ = {isa = PBXFileReference; lastKnownFileType = sourcecode.swift; path = ProfileViewModel.swift; sourceTree = "<group>"; };
		B165D5A02BBB9FBF00EC6BF7 /* ProfileViewController.swift */ = {isa = PBXFileReference; lastKnownFileType = sourcecode.swift; path = ProfileViewController.swift; sourceTree = "<group>"; };
		B165D5A22BBBA0AA00EC6BF7 /* HomeViewController.swift */ = {isa = PBXFileReference; lastKnownFileType = sourcecode.swift; path = HomeViewController.swift; sourceTree = "<group>"; };
		B165D5A52BC9A2A100EC6BF7 /* Color.swift */ = {isa = PBXFileReference; lastKnownFileType = sourcecode.swift; path = Color.swift; sourceTree = "<group>"; };
		B165D5A82BC9AEBC00EC6BF7 /* TabBarController.swift */ = {isa = PBXFileReference; lastKnownFileType = sourcecode.swift; path = TabBarController.swift; sourceTree = "<group>"; };
		B165D5AB2BC9AF7C00EC6BF7 /* AddBudgetViewController.swift */ = {isa = PBXFileReference; lastKnownFileType = sourcecode.swift; path = AddBudgetViewController.swift; sourceTree = "<group>"; };
		B165D5AF2BC9B76200EC6BF7 /* AddBudgetViewModel.swift */ = {isa = PBXFileReference; lastKnownFileType = sourcecode.swift; path = AddBudgetViewModel.swift; sourceTree = "<group>"; };
		B165D5B12BCA86E400EC6BF7 /* AddPaymentViewController.swift */ = {isa = PBXFileReference; lastKnownFileType = sourcecode.swift; path = AddPaymentViewController.swift; sourceTree = "<group>"; };
		B165D5B52BCA872300EC6BF7 /* PaddedTextField.swift */ = {isa = PBXFileReference; lastKnownFileType = sourcecode.swift; path = PaddedTextField.swift; sourceTree = "<group>"; };
		B165D5B72BCA883600EC6BF7 /* AddPaymentViewModel.swift */ = {isa = PBXFileReference; lastKnownFileType = sourcecode.swift; path = AddPaymentViewModel.swift; sourceTree = "<group>"; };
		B165D5B92BCA8AC100EC6BF7 /* AddPaymentUIPickerCategory.swift */ = {isa = PBXFileReference; lastKnownFileType = sourcecode.swift; path = AddPaymentUIPickerCategory.swift; sourceTree = "<group>"; };
		B165D5BB2BCA944C00EC6BF7 /* BaseViewController.swift */ = {isa = PBXFileReference; lastKnownFileType = sourcecode.swift; path = BaseViewController.swift; sourceTree = "<group>"; };
		B165D5BD2BCA964F00EC6BF7 /* AddPaymentDatePicker.swift */ = {isa = PBXFileReference; lastKnownFileType = sourcecode.swift; path = AddPaymentDatePicker.swift; sourceTree = "<group>"; };
		B165D5C12BD7FD2700EC6BF7 /* HomeViewModel.swift */ = {isa = PBXFileReference; lastKnownFileType = sourcecode.swift; path = HomeViewModel.swift; sourceTree = "<group>"; };
		B165D5C42BD813EC00EC6BF7 /* HistoryPaymentViewController.swift */ = {isa = PBXFileReference; lastKnownFileType = sourcecode.swift; path = HistoryPaymentViewController.swift; sourceTree = "<group>"; };
		B165D5C62BD813F500EC6BF7 /* HistoryPaymentViewModel.swift */ = {isa = PBXFileReference; lastKnownFileType = sourcecode.swift; path = HistoryPaymentViewModel.swift; sourceTree = "<group>"; };
		B165D5C82BDB583100EC6BF7 /* LoadingIndicator.swift */ = {isa = PBXFileReference; lastKnownFileType = sourcecode.swift; path = LoadingIndicator.swift; sourceTree = "<group>"; };
		B165D5CA2BDB5EC800EC6BF7 /* EnumAddBudget.swift */ = {isa = PBXFileReference; lastKnownFileType = sourcecode.swift; path = EnumAddBudget.swift; sourceTree = "<group>"; };
		B165D5CC2BDB63DF00EC6BF7 /* EnumAddPayment.swift */ = {isa = PBXFileReference; lastKnownFileType = sourcecode.swift; path = EnumAddPayment.swift; sourceTree = "<group>"; };
		B165D5CF2BE5005500EC6BF7 /* Transaction.swift */ = {isa = PBXFileReference; lastKnownFileType = sourcecode.swift; path = Transaction.swift; sourceTree = "<group>"; };
		B165D5D12BE5036600EC6BF7 /* TransactionTableViewCell.swift */ = {isa = PBXFileReference; lastKnownFileType = sourcecode.swift; path = TransactionTableViewCell.swift; sourceTree = "<group>"; };
		B165D5D42BF6889E00EC6BF7 /* SearchFriendViewModel.swift */ = {isa = PBXFileReference; lastKnownFileType = sourcecode.swift; path = SearchFriendViewModel.swift; sourceTree = "<group>"; };
		B165D5D62BF689FE00EC6BF7 /* SearchFriendViewController.swift */ = {isa = PBXFileReference; lastKnownFileType = sourcecode.swift; path = SearchFriendViewController.swift; sourceTree = "<group>"; };
		B165D5D82BF68A2800EC6BF7 /* SearchFriendTableViewCell.swift */ = {isa = PBXFileReference; lastKnownFileType = sourcecode.swift; path = SearchFriendTableViewCell.swift; sourceTree = "<group>"; };
		B165D5DA2C00E26B00EC6BF7 /* OTPViewController.swift */ = {isa = PBXFileReference; lastKnownFileType = sourcecode.swift; path = OTPViewController.swift; sourceTree = "<group>"; };
		B165D5DD2C00E28700EC6BF7 /* OTPViewModel.swift */ = {isa = PBXFileReference; lastKnownFileType = sourcecode.swift; path = OTPViewModel.swift; sourceTree = "<group>"; };
		B17E7A332C08C78A0045659C /* ResultViewController.swift */ = {isa = PBXFileReference; lastKnownFileType = sourcecode.swift; path = ResultViewController.swift; sourceTree = "<group>"; };
		B17E7A352C08C79C0045659C /* ResultViewModel.swift */ = {isa = PBXFileReference; lastKnownFileType = sourcecode.swift; path = ResultViewModel.swift; sourceTree = "<group>"; };
		B17E7A3D2C08D4F60045659C /* EditSplitBillViewModel.swift */ = {isa = PBXFileReference; lastKnownFileType = sourcecode.swift; path = EditSplitBillViewModel.swift; sourceTree = "<group>"; };
		B17E7A3F2C08DF540045659C /* ShowSheet.swift */ = {isa = PBXFileReference; lastKnownFileType = sourcecode.swift; path = ShowSheet.swift; sourceTree = "<group>"; };
		B17E7A412C08E3D10045659C /* SearchFriendDelegate.swift */ = {isa = PBXFileReference; lastKnownFileType = sourcecode.swift; path = SearchFriendDelegate.swift; sourceTree = "<group>"; };
		B17E7A432C0B01C30045659C /* PresentAlert.swift */ = {isa = PBXFileReference; lastKnownFileType = sourcecode.swift; path = PresentAlert.swift; sourceTree = "<group>"; };
		B17E7A452C0B07020045659C /* CompressImage.swift */ = {isa = PBXFileReference; lastKnownFileType = sourcecode.swift; path = CompressImage.swift; sourceTree = "<group>"; };
		B1A86E342C0B9CC100E0B8E2 /* FormatDateHour.swift */ = {isa = PBXFileReference; lastKnownFileType = sourcecode.swift; path = FormatDateHour.swift; sourceTree = "<group>"; };
		B1B68C932C12004700D2CCBB /* OCRResult.swift */ = {isa = PBXFileReference; lastKnownFileType = sourcecode.swift; path = OCRResult.swift; sourceTree = "<group>"; };
		B1B68C952C12015700D2CCBB /* OCRViewModel.swift */ = {isa = PBXFileReference; lastKnownFileType = sourcecode.swift; path = OCRViewModel.swift; sourceTree = "<group>"; };
		B1C96B702C0329BA00158F40 /* BarChartsView.swift */ = {isa = PBXFileReference; lastKnownFileType = sourcecode.swift; path = BarChartsView.swift; sourceTree = "<group>"; };
		B1C96B722C03937100158F40 /* FormatIDR.swift */ = {isa = PBXFileReference; lastKnownFileType = sourcecode.swift; path = FormatIDR.swift; sourceTree = "<group>"; };
		B1C96B772C06337600158F40 /* SplitBill.swift */ = {isa = PBXFileReference; lastKnownFileType = sourcecode.swift; path = SplitBill.swift; sourceTree = "<group>"; };
		B1C96B7A2C0638A500158F40 /* StorageImageFirebase.swift */ = {isa = PBXFileReference; lastKnownFileType = sourcecode.swift; path = StorageImageFirebase.swift; sourceTree = "<group>"; };
		B1C96B7C2C063D0900158F40 /* FormatDateFirebase.swift */ = {isa = PBXFileReference; lastKnownFileType = sourcecode.swift; path = FormatDateFirebase.swift; sourceTree = "<group>"; };
/* End PBXFileReference section */

/* Begin PBXFrameworksBuildPhase section */
		B143BAF82B9EE497008B2F4D /* Frameworks */ = {
			isa = PBXFrameworksBuildPhase;
			buildActionMask = 2147483647;
			files = (
				B143BB302BA42E9A008B2F4D /* FirebaseDatabase in Frameworks */,
				B143BB3E2BA42E9A008B2F4D /* FirebaseFunctionsCombine-Community in Frameworks */,
				B143BB362BA42E9A008B2F4D /* FirebaseFirestore in Frameworks */,
				B143BB222BA42E9A008B2F4D /* FirebaseAnalyticsSwift in Frameworks */,
				B143BB1E2BA42E9A008B2F4D /* FirebaseAnalytics in Frameworks */,
				B143BB202BA42E9A008B2F4D /* FirebaseAnalyticsOnDeviceConversion in Frameworks */,
				B143BB462BA42E9A008B2F4D /* FirebaseMLModelDownloader in Frameworks */,
				B143BB3A2BA42E9A008B2F4D /* FirebaseFirestoreSwift in Frameworks */,
				B143BB262BA42E9A008B2F4D /* FirebaseAppCheck in Frameworks */,
				B143BB242BA42E9A008B2F4D /* FirebaseAnalyticsWithoutAdIdSupport in Frameworks */,
				B143BB2A2BA42E9A008B2F4D /* FirebaseAuth in Frameworks */,
				B143BB2E2BA42E9A008B2F4D /* FirebaseCrashlytics in Frameworks */,
				B143BB4E2BA42E9A008B2F4D /* FirebaseRemoteConfigSwift in Frameworks */,
				B143BB402BA42E9A008B2F4D /* FirebaseInAppMessaging-Beta in Frameworks */,
				B143BB322BA42E9A008B2F4D /* FirebaseDatabaseSwift in Frameworks */,
				B143BB3C2BA42E9A008B2F4D /* FirebaseFunctions in Frameworks */,
				B143BB522BA42E9A008B2F4D /* FirebaseStorageCombine-Community in Frameworks */,
				B143BB4C2BA42E9A008B2F4D /* FirebaseRemoteConfig in Frameworks */,
				B143BB282BA42E9A008B2F4D /* FirebaseAppDistribution-Beta in Frameworks */,
				B143BB2C2BA42E9A008B2F4D /* FirebaseAuthCombine-Community in Frameworks */,
				B143BB4A2BA42E9A008B2F4D /* FirebasePerformance in Frameworks */,
				B143BB422BA42E9A008B2F4D /* FirebaseInAppMessagingSwift-Beta in Frameworks */,
				B143BB502BA42E9A008B2F4D /* FirebaseStorage in Frameworks */,
				B143BB342BA42E9A008B2F4D /* FirebaseDynamicLinks in Frameworks */,
				B143BB382BA42E9A008B2F4D /* FirebaseFirestoreCombine-Community in Frameworks */,
				B143BB482BA42E9A008B2F4D /* FirebaseMessaging in Frameworks */,
				B143BB442BA42E9A008B2F4D /* FirebaseInstallations in Frameworks */,
			);
			runOnlyForDeploymentPostprocessing = 0;
		};
/* End PBXFrameworksBuildPhase section */

/* Begin PBXGroup section */
		5D296D2C2C08A8190073E210 /* Owe */ = {
			isa = PBXGroup;
			children = (
				5D296D2D2C08A8290073E210 /* OweResultViewController.swift */,
			);
			path = Owe;
			sourceTree = "<group>";
		};
		5D296D322C08A85E0073E210 /* AddPaymentInfo */ = {
			isa = PBXGroup;
			children = (
				5D296D332C08A8720073E210 /* AddPaymentInfoViewController.swift */,
				B13C369D2C0F54FA00282F26 /* AddPaymentInfoViewModel.swift */,
				B13C369F2C0F59DD00282F26 /* AddPaymentInfoDelegate.swift */,
			);
			path = AddPaymentInfo;
			sourceTree = "<group>";
		};
		5D296D352C08A8810073E210 /* WhatsAppConfig */ = {
			isa = PBXGroup;
			children = (
				5D296D362C08A8900073E210 /* WhatsAppConfig.swift */,
			);
			path = WhatsAppConfig;
			sourceTree = "<group>";
		};
		5DCE3CB32BDD6F660067F9FD /* SplitBill */ = {
			isa = PBXGroup;
			children = (
				B17E7A3A2C08CA170045659C /* Initiate */,
				B17E7A372C08C8B30045659C /* Camera */,
				B17E7A382C08C8BB0045659C /* ImageView */,
				B17E7A392C08C8D60045659C /* PerformOCR */,
				B17E7A3B2C08CA260045659C /* EditSplitBill */,
				B165D5D32BF6883B00EC6BF7 /* SearchFriend */,
				B17E7A322C08C77C0045659C /* ResultPage */,
				5D296D322C08A85E0073E210 /* AddPaymentInfo */,
				5D296D2C2C08A8190073E210 /* Owe */,
				5D296D352C08A8810073E210 /* WhatsAppConfig */,
				5DCE3CC42BDD75570067F9FD /* ImageReceiptModel.mlmodel */,
			);
			path = SplitBill;
			sourceTree = "<group>";
		};
		B143BAF22B9EE497008B2F4D = {
			isa = PBXGroup;
			children = (
				B143BAFD2B9EE497008B2F4D /* WiseSplit */,
				B143BAFC2B9EE497008B2F4D /* Products */,
			);
			sourceTree = "<group>";
		};
		B143BAFC2B9EE497008B2F4D /* Products */ = {
			isa = PBXGroup;
			children = (
				B143BAFB2B9EE497008B2F4D /* WiseSplit.app */,
			);
			name = Products;
			sourceTree = "<group>";
		};
		B143BAFD2B9EE497008B2F4D /* WiseSplit */ = {
			isa = PBXGroup;
			children = (
				B165D5A42BC9A28A00EC6BF7 /* Asset */,
				B1C96B792C06388C00158F40 /* Utility */,
				B165D5B42BCA870900EC6BF7 /* Component */,
				B143BB192BA35DAD008B2F4D /* Model */,
				B165D5CE2BE4FB5F00EC6BF7 /* Pages */,
				B143BAFE2B9EE497008B2F4D /* AppDelegate.swift */,
				B143BB092B9EE49A008B2F4D /* LaunchScreen.storyboard */,
				B143BB0C2B9EE49A008B2F4D /* Info.plist */,
				B143BB1A2BA42CEC008B2F4D /* GoogleService-Info.plist */,
			);
			path = WiseSplit;
			sourceTree = "<group>";
		};
		B143BB162BA35D90008B2F4D /* Register */ = {
			isa = PBXGroup;
			children = (
				B143BB122B9EE509008B2F4D /* RegisterViewController.swift */,
				B143BB142B9F365D008B2F4D /* RegisterViewModel.swift */,
				B143BB532BA4368D008B2F4D /* EnumRegister.swift */,
			);
			path = Register;
			sourceTree = "<group>";
		};
		B143BB192BA35DAD008B2F4D /* Model */ = {
			isa = PBXGroup;
			children = (
				5DB30EC72BFB6BA1007F34D5 /* UserTemp.swift */,
				B143BB172BA35DA8008B2F4D /* Account.swift */,
				B165D5CF2BE5005500EC6BF7 /* Transaction.swift */,
				B1C96B772C06337600158F40 /* SplitBill.swift */,
				B1B68C932C12004700D2CCBB /* OCRResult.swift */,
			);
			path = Model;
			sourceTree = "<group>";
		};
		B165D5932BAD5B6D00EC6BF7 /* Login */ = {
			isa = PBXGroup;
			children = (
				B165D5942BAD5B8300EC6BF7 /* LoginViewController.swift */,
				B165D5962BAD5B8A00EC6BF7 /* LoginViewModel.swift */,
			);
			path = Login;
			sourceTree = "<group>";
		};
		B165D5982BB2B6B200EC6BF7 /* Home */ = {
			isa = PBXGroup;
			children = (
				B165D5A22BBBA0AA00EC6BF7 /* HomeViewController.swift */,
				B165D5C12BD7FD2700EC6BF7 /* HomeViewModel.swift */,
				B1C96B6B2C0326A700158F40 /* BarCharts */,
			);
			path = Home;
			sourceTree = "<group>";
		};
		B165D59D2BBB9A3600EC6BF7 /* Profile */ = {
			isa = PBXGroup;
			children = (
				B165D5A02BBB9FBF00EC6BF7 /* ProfileViewController.swift */,
				B165D59E2BBB9A6000EC6BF7 /* ProfileViewModel.swift */,
			);
			path = Profile;
			sourceTree = "<group>";
		};
		B165D5A42BC9A28A00EC6BF7 /* Asset */ = {
			isa = PBXGroup;
			children = (
				B143BB072B9EE49A008B2F4D /* Assets.xcassets */,
				B165D5A52BC9A2A100EC6BF7 /* Color.swift */,
			);
			path = Asset;
			sourceTree = "<group>";
		};
		B165D5A72BC9AE8F00EC6BF7 /* TabBar */ = {
			isa = PBXGroup;
			children = (
				B165D5A82BC9AEBC00EC6BF7 /* TabBarController.swift */,
			);
			path = TabBar;
			sourceTree = "<group>";
		};
		B165D5AA2BC9AF5B00EC6BF7 /* AddBudget */ = {
			isa = PBXGroup;
			children = (
				B165D5AB2BC9AF7C00EC6BF7 /* AddBudgetViewController.swift */,
				B165D5AF2BC9B76200EC6BF7 /* AddBudgetViewModel.swift */,
				B165D5CA2BDB5EC800EC6BF7 /* EnumAddBudget.swift */,
			);
			path = AddBudget;
			sourceTree = "<group>";
		};
		B165D5B32BCA86E900EC6BF7 /* AddPayment */ = {
			isa = PBXGroup;
			children = (
				B165D5B12BCA86E400EC6BF7 /* AddPaymentViewController.swift */,
				B165D5B72BCA883600EC6BF7 /* AddPaymentViewModel.swift */,
				B165D5B92BCA8AC100EC6BF7 /* AddPaymentUIPickerCategory.swift */,
				B165D5BD2BCA964F00EC6BF7 /* AddPaymentDatePicker.swift */,
				B165D5CC2BDB63DF00EC6BF7 /* EnumAddPayment.swift */,
			);
			path = AddPayment;
			sourceTree = "<group>";
		};
		B165D5B42BCA870900EC6BF7 /* Component */ = {
			isa = PBXGroup;
			children = (
				B165D5B52BCA872300EC6BF7 /* PaddedTextField.swift */,
				B165D5BB2BCA944C00EC6BF7 /* BaseViewController.swift */,
				B165D5C82BDB583100EC6BF7 /* LoadingIndicator.swift */,
				B17E7A3F2C08DF540045659C /* ShowSheet.swift */,
			);
			path = Component;
			sourceTree = "<group>";
		};
		B165D5C32BD813D100EC6BF7 /* HistoryPayment */ = {
			isa = PBXGroup;
			children = (
				B165D5C42BD813EC00EC6BF7 /* HistoryPaymentViewController.swift */,
				B165D5C62BD813F500EC6BF7 /* HistoryPaymentViewModel.swift */,
				B165D5D12BE5036600EC6BF7 /* TransactionTableViewCell.swift */,
			);
			path = HistoryPayment;
			sourceTree = "<group>";
		};
		B165D5CE2BE4FB5F00EC6BF7 /* Pages */ = {
			isa = PBXGroup;
			children = (
				5DCE3CB32BDD6F660067F9FD /* SplitBill */,
				B165D5DC2C00E27100EC6BF7 /* OTP */,
				B143BB162BA35D90008B2F4D /* Register */,
				B165D5932BAD5B6D00EC6BF7 /* Login */,
				B165D5A72BC9AE8F00EC6BF7 /* TabBar */,
				B165D5982BB2B6B200EC6BF7 /* Home */,
				B165D5AA2BC9AF5B00EC6BF7 /* AddBudget */,
				B165D5B32BCA86E900EC6BF7 /* AddPayment */,
				B165D5C32BD813D100EC6BF7 /* HistoryPayment */,
				B165D59D2BBB9A3600EC6BF7 /* Profile */,
			);
			path = Pages;
			sourceTree = "<group>";
		};
		B165D5D32BF6883B00EC6BF7 /* SearchFriend */ = {
			isa = PBXGroup;
			children = (
				B165D5D62BF689FE00EC6BF7 /* SearchFriendViewController.swift */,
				B165D5D42BF6889E00EC6BF7 /* SearchFriendViewModel.swift */,
				B165D5D82BF68A2800EC6BF7 /* SearchFriendTableViewCell.swift */,
				B17E7A412C08E3D10045659C /* SearchFriendDelegate.swift */,
			);
			path = SearchFriend;
			sourceTree = "<group>";
		};
		B165D5DC2C00E27100EC6BF7 /* OTP */ = {
			isa = PBXGroup;
			children = (
				B165D5DA2C00E26B00EC6BF7 /* OTPViewController.swift */,
				B165D5DD2C00E28700EC6BF7 /* OTPViewModel.swift */,
			);
			path = OTP;
			sourceTree = "<group>";
		};
		B17E7A322C08C77C0045659C /* ResultPage */ = {
			isa = PBXGroup;
			children = (
				B17E7A332C08C78A0045659C /* ResultViewController.swift */,
				B17E7A352C08C79C0045659C /* ResultViewModel.swift */,
			);
			path = ResultPage;
			sourceTree = "<group>";
		};
		B17E7A372C08C8B30045659C /* Camera */ = {
			isa = PBXGroup;
			children = (
				5DCE3CBA2BDD73CA0067F9FD /* CaptureCameraSplitBillViewController.swift */,
			);
			path = Camera;
			sourceTree = "<group>";
		};
		B17E7A382C08C8BB0045659C /* ImageView */ = {
			isa = PBXGroup;
			children = (
				5DCE3CBC2BDD73DF0067F9FD /* ImageViewController.swift */,
				B1B68C952C12015700D2CCBB /* OCRViewModel.swift */,
			);
			path = ImageView;
			sourceTree = "<group>";
		};
		B17E7A392C08C8D60045659C /* PerformOCR */ = {
			isa = PBXGroup;
			children = (
				5DCE3CBE2BDD73F00067F9FD /* OCRViewController.swift */,
			);
			path = PerformOCR;
			sourceTree = "<group>";
		};
		B17E7A3A2C08CA170045659C /* Initiate */ = {
			isa = PBXGroup;
			children = (
				5DCE3CC62BDE59AD0067F9FD /* InitiateSplitBillViewController.swift */,
			);
			path = Initiate;
			sourceTree = "<group>";
		};
		B17E7A3B2C08CA260045659C /* EditSplitBill */ = {
			isa = PBXGroup;
			children = (
				5D2AC93A2BF71C2F00B033AE /* EditBillViewController.swift */,
				B17E7A3D2C08D4F60045659C /* EditSplitBillViewModel.swift */,
			);
			path = EditSplitBill;
			sourceTree = "<group>";
		};
		B1C96B6B2C0326A700158F40 /* BarCharts */ = {
			isa = PBXGroup;
			children = (
				B1C96B702C0329BA00158F40 /* BarChartsView.swift */,
			);
			path = BarCharts;
			sourceTree = "<group>";
		};
		B1C96B792C06388C00158F40 /* Utility */ = {
			isa = PBXGroup;
			children = (
				B1C96B722C03937100158F40 /* FormatIDR.swift */,
				B1C96B7A2C0638A500158F40 /* StorageImageFirebase.swift */,
				B1C96B7C2C063D0900158F40 /* FormatDateFirebase.swift */,
				B1A86E342C0B9CC100E0B8E2 /* FormatDateHour.swift */,
				B17E7A432C0B01C30045659C /* PresentAlert.swift */,
				B17E7A452C0B07020045659C /* CompressImage.swift */,
			);
			path = Utility;
			sourceTree = "<group>";
		};
/* End PBXGroup section */

/* Begin PBXNativeTarget section */
		B143BAFA2B9EE497008B2F4D /* WiseSplit */ = {
			isa = PBXNativeTarget;
			buildConfigurationList = B143BB0F2B9EE49A008B2F4D /* Build configuration list for PBXNativeTarget "WiseSplit" */;
			buildPhases = (
				B143BAF72B9EE497008B2F4D /* Sources */,
				B143BAF82B9EE497008B2F4D /* Frameworks */,
				B143BAF92B9EE497008B2F4D /* Resources */,
			);
			buildRules = (
			);
			dependencies = (
			);
			name = WiseSplit;
			packageProductDependencies = (
				B143BB1D2BA42E9A008B2F4D /* FirebaseAnalytics */,
				B143BB1F2BA42E9A008B2F4D /* FirebaseAnalyticsOnDeviceConversion */,
				B143BB212BA42E9A008B2F4D /* FirebaseAnalyticsSwift */,
				B143BB232BA42E9A008B2F4D /* FirebaseAnalyticsWithoutAdIdSupport */,
				B143BB252BA42E9A008B2F4D /* FirebaseAppCheck */,
				B143BB272BA42E9A008B2F4D /* FirebaseAppDistribution-Beta */,
				B143BB292BA42E9A008B2F4D /* FirebaseAuth */,
				B143BB2B2BA42E9A008B2F4D /* FirebaseAuthCombine-Community */,
				B143BB2D2BA42E9A008B2F4D /* FirebaseCrashlytics */,
				B143BB2F2BA42E9A008B2F4D /* FirebaseDatabase */,
				B143BB312BA42E9A008B2F4D /* FirebaseDatabaseSwift */,
				B143BB332BA42E9A008B2F4D /* FirebaseDynamicLinks */,
				B143BB352BA42E9A008B2F4D /* FirebaseFirestore */,
				B143BB372BA42E9A008B2F4D /* FirebaseFirestoreCombine-Community */,
				B143BB392BA42E9A008B2F4D /* FirebaseFirestoreSwift */,
				B143BB3B2BA42E9A008B2F4D /* FirebaseFunctions */,
				B143BB3D2BA42E9A008B2F4D /* FirebaseFunctionsCombine-Community */,
				B143BB3F2BA42E9A008B2F4D /* FirebaseInAppMessaging-Beta */,
				B143BB412BA42E9A008B2F4D /* FirebaseInAppMessagingSwift-Beta */,
				B143BB432BA42E9A008B2F4D /* FirebaseInstallations */,
				B143BB452BA42E9A008B2F4D /* FirebaseMLModelDownloader */,
				B143BB472BA42E9A008B2F4D /* FirebaseMessaging */,
				B143BB492BA42E9A008B2F4D /* FirebasePerformance */,
				B143BB4B2BA42E9A008B2F4D /* FirebaseRemoteConfig */,
				B143BB4D2BA42E9A008B2F4D /* FirebaseRemoteConfigSwift */,
				B143BB4F2BA42E9A008B2F4D /* FirebaseStorage */,
				B143BB512BA42E9A008B2F4D /* FirebaseStorageCombine-Community */,
			);
			productName = WiseSplit;
			productReference = B143BAFB2B9EE497008B2F4D /* WiseSplit.app */;
			productType = "com.apple.product-type.application";
		};
/* End PBXNativeTarget section */

/* Begin PBXProject section */
		B143BAF32B9EE497008B2F4D /* Project object */ = {
			isa = PBXProject;
			attributes = {
				BuildIndependentTargetsInParallel = 1;
				LastSwiftUpdateCheck = 1500;
				LastUpgradeCheck = 1500;
				TargetAttributes = {
					B143BAFA2B9EE497008B2F4D = {
						CreatedOnToolsVersion = 15.0;
					};
				};
			};
			buildConfigurationList = B143BAF62B9EE497008B2F4D /* Build configuration list for PBXProject "WiseSplit" */;
			compatibilityVersion = "Xcode 14.0";
			developmentRegion = en;
			hasScannedForEncodings = 0;
			knownRegions = (
				en,
				Base,
			);
			mainGroup = B143BAF22B9EE497008B2F4D;
			packageReferences = (
				B143BB1C2BA42E9A008B2F4D /* XCRemoteSwiftPackageReference "firebase-ios-sdk" */,
			);
			productRefGroup = B143BAFC2B9EE497008B2F4D /* Products */;
			projectDirPath = "";
			projectRoot = "";
			targets = (
				B143BAFA2B9EE497008B2F4D /* WiseSplit */,
			);
		};
/* End PBXProject section */

/* Begin PBXResourcesBuildPhase section */
		B143BAF92B9EE497008B2F4D /* Resources */ = {
			isa = PBXResourcesBuildPhase;
			buildActionMask = 2147483647;
			files = (
				B143BB0B2B9EE49A008B2F4D /* LaunchScreen.storyboard in Resources */,
				B143BB082B9EE49A008B2F4D /* Assets.xcassets in Resources */,
				B143BB1B2BA42CEC008B2F4D /* GoogleService-Info.plist in Resources */,
			);
			runOnlyForDeploymentPostprocessing = 0;
		};
/* End PBXResourcesBuildPhase section */

/* Begin PBXSourcesBuildPhase section */
		B143BAF72B9EE497008B2F4D /* Sources */ = {
			isa = PBXSourcesBuildPhase;
			buildActionMask = 2147483647;
			files = (
				B165D5D52BF6889E00EC6BF7 /* SearchFriendViewModel.swift in Sources */,
				B13C36A02C0F59DD00282F26 /* AddPaymentInfoDelegate.swift in Sources */,
				B165D5952BAD5B8300EC6BF7 /* LoginViewController.swift in Sources */,
				B17E7A422C08E3D10045659C /* SearchFriendDelegate.swift in Sources */,
				B165D5C72BD813F500EC6BF7 /* HistoryPaymentViewModel.swift in Sources */,
				B143BB182BA35DA8008B2F4D /* Account.swift in Sources */,
				B165D5DB2C00E26B00EC6BF7 /* OTPViewController.swift in Sources */,
				B165D5D72BF689FE00EC6BF7 /* SearchFriendViewController.swift in Sources */,
				B17E7A3E2C08D4F60045659C /* EditSplitBillViewModel.swift in Sources */,
				B1B68C942C12004700D2CCBB /* OCRResult.swift in Sources */,
				B165D5D92BF68A2800EC6BF7 /* SearchFriendTableViewCell.swift in Sources */,
				B1C96B782C06337600158F40 /* SplitBill.swift in Sources */,
				B165D5A62BC9A2A100EC6BF7 /* Color.swift in Sources */,
				B165D5A12BBB9FBF00EC6BF7 /* ProfileViewController.swift in Sources */,
				B1A86E352C0B9CC100E0B8E2 /* FormatDateHour.swift in Sources */,
				B165D5C52BD813EC00EC6BF7 /* HistoryPaymentViewController.swift in Sources */,
				B165D5BC2BCA944C00EC6BF7 /* BaseViewController.swift in Sources */,
				B165D5B82BCA883600EC6BF7 /* AddPaymentViewModel.swift in Sources */,
				B143BB542BA4368D008B2F4D /* EnumRegister.swift in Sources */,
				B165D5CD2BDB63DF00EC6BF7 /* EnumAddPayment.swift in Sources */,
				B165D5B02BC9B76200EC6BF7 /* AddBudgetViewModel.swift in Sources */,
				B165D5BE2BCA964F00EC6BF7 /* AddPaymentDatePicker.swift in Sources */,
				B1C96B7D2C063D0900158F40 /* FormatDateFirebase.swift in Sources */,
				5D296D2E2C08A8290073E210 /* OweResultViewController.swift in Sources */,
				B17E7A402C08DF540045659C /* ShowSheet.swift in Sources */,
				5DB30EC82BFB6BA1007F34D5 /* UserTemp.swift in Sources */,
				B1C96B732C03937100158F40 /* FormatIDR.swift in Sources */,
				B165D59F2BBB9A6000EC6BF7 /* ProfileViewModel.swift in Sources */,
				B165D5C92BDB583200EC6BF7 /* LoadingIndicator.swift in Sources */,
				B1C96B7B2C0638A500158F40 /* StorageImageFirebase.swift in Sources */,
				B165D5AC2BC9AF7C00EC6BF7 /* AddBudgetViewController.swift in Sources */,
				B165D5A32BBBA0AA00EC6BF7 /* HomeViewController.swift in Sources */,
				B165D5CB2BDB5EC800EC6BF7 /* EnumAddBudget.swift in Sources */,
				B165D5D02BE5005500EC6BF7 /* Transaction.swift in Sources */,
				5DCE3CC52BDD75570067F9FD /* ImageReceiptModel.mlmodel in Sources */,
				B1B68C962C12015700D2CCBB /* OCRViewModel.swift in Sources */,
				5D296D342C08A8720073E210 /* AddPaymentInfoViewController.swift in Sources */,
				B165D5AC2BC9AF7C00EC6BF7 /* AddBudgetViewController.swift in Sources */,
				B165D5A32BBBA0AA00EC6BF7 /* HomeViewController.swift in Sources */,
				B17E7A362C08C79C0045659C /* ResultViewModel.swift in Sources */,
				B13C369E2C0F54FA00282F26 /* AddPaymentInfoViewModel.swift in Sources */,
				5DCE3CBF2BDD73F00067F9FD /* OCRViewController.swift in Sources */,
				B143BAFF2B9EE497008B2F4D /* AppDelegate.swift in Sources */,
				B143BB152B9F365D008B2F4D /* RegisterViewModel.swift in Sources */,
				B165D5BA2BCA8AC100EC6BF7 /* AddPaymentUIPickerCategory.swift in Sources */,
				B165D5B62BCA872300EC6BF7 /* PaddedTextField.swift in Sources */,
				B165D5DE2C00E28700EC6BF7 /* OTPViewModel.swift in Sources */,
				B1C96B712C0329BA00158F40 /* BarChartsView.swift in Sources */,
				B165D5D22BE5036600EC6BF7 /* TransactionTableViewCell.swift in Sources */,
				B165D5C22BD7FD2700EC6BF7 /* HomeViewModel.swift in Sources */,
				5DCE3CC72BDE59AD0067F9FD /* InitiateSplitBillViewController.swift in Sources */,
				B165D5A92BC9AEBC00EC6BF7 /* TabBarController.swift in Sources */,
				B143BB132B9EE509008B2F4D /* RegisterViewController.swift in Sources */,
				5D2AC93B2BF71C2F00B033AE /* EditBillViewController.swift in Sources */,
				5DCE3CBB2BDD73CA0067F9FD /* CaptureCameraSplitBillViewController.swift in Sources */,
				B165D5972BAD5B8A00EC6BF7 /* LoginViewModel.swift in Sources */,
				5DCE3CBD2BDD73DF0067F9FD /* ImageViewController.swift in Sources */,
				B17E7A342C08C78A0045659C /* ResultViewController.swift in Sources */,
				B165D5B22BCA86E500EC6BF7 /* AddPaymentViewController.swift in Sources */,
				B17E7A442C0B01C30045659C /* PresentAlert.swift in Sources */,
				B17E7A462C0B07020045659C /* CompressImage.swift in Sources */,
				5D296D372C08A8900073E210 /* WhatsAppConfig.swift in Sources */,
			);
			runOnlyForDeploymentPostprocessing = 0;
		};
/* End PBXSourcesBuildPhase section */

/* Begin PBXVariantGroup section */
		B143BB092B9EE49A008B2F4D /* LaunchScreen.storyboard */ = {
			isa = PBXVariantGroup;
			children = (
				B143BB0A2B9EE49A008B2F4D /* Base */,
			);
			name = LaunchScreen.storyboard;
			sourceTree = "<group>";
		};
/* End PBXVariantGroup section */

/* Begin XCBuildConfiguration section */
		B143BB0D2B9EE49A008B2F4D /* Debug */ = {
			isa = XCBuildConfiguration;
			buildSettings = {
				ALWAYS_SEARCH_USER_PATHS = NO;
				ASSETCATALOG_COMPILER_GENERATE_SWIFT_ASSET_SYMBOL_EXTENSIONS = YES;
				CLANG_ANALYZER_NONNULL = YES;
				CLANG_ANALYZER_NUMBER_OBJECT_CONVERSION = YES_AGGRESSIVE;
				CLANG_CXX_LANGUAGE_STANDARD = "gnu++20";
				CLANG_ENABLE_MODULES = YES;
				CLANG_ENABLE_OBJC_ARC = YES;
				CLANG_ENABLE_OBJC_WEAK = YES;
				CLANG_WARN_BLOCK_CAPTURE_AUTORELEASING = YES;
				CLANG_WARN_BOOL_CONVERSION = YES;
				CLANG_WARN_COMMA = YES;
				CLANG_WARN_CONSTANT_CONVERSION = YES;
				CLANG_WARN_DEPRECATED_OBJC_IMPLEMENTATIONS = YES;
				CLANG_WARN_DIRECT_OBJC_ISA_USAGE = YES_ERROR;
				CLANG_WARN_DOCUMENTATION_COMMENTS = YES;
				CLANG_WARN_EMPTY_BODY = YES;
				CLANG_WARN_ENUM_CONVERSION = YES;
				CLANG_WARN_INFINITE_RECURSION = YES;
				CLANG_WARN_INT_CONVERSION = YES;
				CLANG_WARN_NON_LITERAL_NULL_CONVERSION = YES;
				CLANG_WARN_OBJC_IMPLICIT_RETAIN_SELF = YES;
				CLANG_WARN_OBJC_LITERAL_CONVERSION = YES;
				CLANG_WARN_OBJC_ROOT_CLASS = YES_ERROR;
				CLANG_WARN_QUOTED_INCLUDE_IN_FRAMEWORK_HEADER = YES;
				CLANG_WARN_RANGE_LOOP_ANALYSIS = YES;
				CLANG_WARN_STRICT_PROTOTYPES = YES;
				CLANG_WARN_SUSPICIOUS_MOVE = YES;
				CLANG_WARN_UNGUARDED_AVAILABILITY = YES_AGGRESSIVE;
				CLANG_WARN_UNREACHABLE_CODE = YES;
				CLANG_WARN__DUPLICATE_METHOD_MATCH = YES;
				COPY_PHASE_STRIP = NO;
				DEBUG_INFORMATION_FORMAT = dwarf;
				ENABLE_STRICT_OBJC_MSGSEND = YES;
				ENABLE_TESTABILITY = YES;
				ENABLE_USER_SCRIPT_SANDBOXING = YES;
				GCC_C_LANGUAGE_STANDARD = gnu17;
				GCC_DYNAMIC_NO_PIC = NO;
				GCC_NO_COMMON_BLOCKS = YES;
				GCC_OPTIMIZATION_LEVEL = 0;
				GCC_PREPROCESSOR_DEFINITIONS = (
					"DEBUG=1",
					"$(inherited)",
				);
				GCC_WARN_64_TO_32_BIT_CONVERSION = YES;
				GCC_WARN_ABOUT_RETURN_TYPE = YES_ERROR;
				GCC_WARN_UNDECLARED_SELECTOR = YES;
				GCC_WARN_UNINITIALIZED_AUTOS = YES_AGGRESSIVE;
				GCC_WARN_UNUSED_FUNCTION = YES;
				GCC_WARN_UNUSED_VARIABLE = YES;
				IPHONEOS_DEPLOYMENT_TARGET = 17.0;
				LOCALIZATION_PREFERS_STRING_CATALOGS = YES;
				MTL_ENABLE_DEBUG_INFO = INCLUDE_SOURCE;
				MTL_FAST_MATH = YES;
				ONLY_ACTIVE_ARCH = YES;
				SDKROOT = iphoneos;
				SWIFT_ACTIVE_COMPILATION_CONDITIONS = "DEBUG $(inherited)";
				SWIFT_OPTIMIZATION_LEVEL = "-Onone";
			};
			name = Debug;
		};
		B143BB0E2B9EE49A008B2F4D /* Release */ = {
			isa = XCBuildConfiguration;
			buildSettings = {
				ALWAYS_SEARCH_USER_PATHS = NO;
				ASSETCATALOG_COMPILER_GENERATE_SWIFT_ASSET_SYMBOL_EXTENSIONS = YES;
				CLANG_ANALYZER_NONNULL = YES;
				CLANG_ANALYZER_NUMBER_OBJECT_CONVERSION = YES_AGGRESSIVE;
				CLANG_CXX_LANGUAGE_STANDARD = "gnu++20";
				CLANG_ENABLE_MODULES = YES;
				CLANG_ENABLE_OBJC_ARC = YES;
				CLANG_ENABLE_OBJC_WEAK = YES;
				CLANG_WARN_BLOCK_CAPTURE_AUTORELEASING = YES;
				CLANG_WARN_BOOL_CONVERSION = YES;
				CLANG_WARN_COMMA = YES;
				CLANG_WARN_CONSTANT_CONVERSION = YES;
				CLANG_WARN_DEPRECATED_OBJC_IMPLEMENTATIONS = YES;
				CLANG_WARN_DIRECT_OBJC_ISA_USAGE = YES_ERROR;
				CLANG_WARN_DOCUMENTATION_COMMENTS = YES;
				CLANG_WARN_EMPTY_BODY = YES;
				CLANG_WARN_ENUM_CONVERSION = YES;
				CLANG_WARN_INFINITE_RECURSION = YES;
				CLANG_WARN_INT_CONVERSION = YES;
				CLANG_WARN_NON_LITERAL_NULL_CONVERSION = YES;
				CLANG_WARN_OBJC_IMPLICIT_RETAIN_SELF = YES;
				CLANG_WARN_OBJC_LITERAL_CONVERSION = YES;
				CLANG_WARN_OBJC_ROOT_CLASS = YES_ERROR;
				CLANG_WARN_QUOTED_INCLUDE_IN_FRAMEWORK_HEADER = YES;
				CLANG_WARN_RANGE_LOOP_ANALYSIS = YES;
				CLANG_WARN_STRICT_PROTOTYPES = YES;
				CLANG_WARN_SUSPICIOUS_MOVE = YES;
				CLANG_WARN_UNGUARDED_AVAILABILITY = YES_AGGRESSIVE;
				CLANG_WARN_UNREACHABLE_CODE = YES;
				CLANG_WARN__DUPLICATE_METHOD_MATCH = YES;
				COPY_PHASE_STRIP = NO;
				DEBUG_INFORMATION_FORMAT = "dwarf-with-dsym";
				ENABLE_NS_ASSERTIONS = NO;
				ENABLE_STRICT_OBJC_MSGSEND = YES;
				ENABLE_USER_SCRIPT_SANDBOXING = YES;
				GCC_C_LANGUAGE_STANDARD = gnu17;
				GCC_NO_COMMON_BLOCKS = YES;
				GCC_WARN_64_TO_32_BIT_CONVERSION = YES;
				GCC_WARN_ABOUT_RETURN_TYPE = YES_ERROR;
				GCC_WARN_UNDECLARED_SELECTOR = YES;
				GCC_WARN_UNINITIALIZED_AUTOS = YES_AGGRESSIVE;
				GCC_WARN_UNUSED_FUNCTION = YES;
				GCC_WARN_UNUSED_VARIABLE = YES;
				IPHONEOS_DEPLOYMENT_TARGET = 17.0;
				LOCALIZATION_PREFERS_STRING_CATALOGS = YES;
				MTL_ENABLE_DEBUG_INFO = NO;
				MTL_FAST_MATH = YES;
				SDKROOT = iphoneos;
				SWIFT_COMPILATION_MODE = wholemodule;
				VALIDATE_PRODUCT = YES;
			};
			name = Release;
		};
		B143BB102B9EE49A008B2F4D /* Debug */ = {
			isa = XCBuildConfiguration;
			buildSettings = {
				ASSETCATALOG_COMPILER_GLOBAL_ACCENT_COLOR_NAME = AccentColor;
				CODE_SIGN_STYLE = Automatic;
				CURRENT_PROJECT_VERSION = 1;
				DEVELOPMENT_TEAM = 54STNG9K7F;
				GENERATE_INFOPLIST_FILE = YES;
				INFOPLIST_FILE = WiseSplit/Info.plist;
				INFOPLIST_KEY_NSCameraUsageDescription = "\"Access camera\"";
				INFOPLIST_KEY_UIApplicationSupportsIndirectInputEvents = YES;
				INFOPLIST_KEY_UILaunchStoryboardName = LaunchScreen;
				INFOPLIST_KEY_UISupportedInterfaceOrientations = UIInterfaceOrientationPortrait;
				INFOPLIST_KEY_UISupportedInterfaceOrientations_iPad = "UIInterfaceOrientationLandscapeLeft UIInterfaceOrientationLandscapeRight UIInterfaceOrientationPortrait UIInterfaceOrientationPortraitUpsideDown";
				INFOPLIST_KEY_UIUserInterfaceStyle = Light;
				LD_RUNPATH_SEARCH_PATHS = (
					"$(inherited)",
					"@executable_path/Frameworks",
				);
				MARKETING_VERSION = 1.0;
				PRODUCT_BUNDLE_IDENTIFIER = com.skripsi.WiseSplit;
				PRODUCT_NAME = "$(TARGET_NAME)";
				SWIFT_EMIT_LOC_STRINGS = YES;
				SWIFT_VERSION = 5.0;
				TARGETED_DEVICE_FAMILY = "1,2";
			};
			name = Debug;
		};
		B143BB112B9EE49A008B2F4D /* Release */ = {
			isa = XCBuildConfiguration;
			buildSettings = {
				ASSETCATALOG_COMPILER_GLOBAL_ACCENT_COLOR_NAME = AccentColor;
				CODE_SIGN_STYLE = Automatic;
				CURRENT_PROJECT_VERSION = 1;
				DEVELOPMENT_TEAM = 54STNG9K7F;
				GENERATE_INFOPLIST_FILE = YES;
				INFOPLIST_FILE = WiseSplit/Info.plist;
				INFOPLIST_KEY_NSCameraUsageDescription = "\"Access camera\"";
				INFOPLIST_KEY_UIApplicationSupportsIndirectInputEvents = YES;
				INFOPLIST_KEY_UILaunchStoryboardName = LaunchScreen;
				INFOPLIST_KEY_UISupportedInterfaceOrientations = UIInterfaceOrientationPortrait;
				INFOPLIST_KEY_UISupportedInterfaceOrientations_iPad = "UIInterfaceOrientationLandscapeLeft UIInterfaceOrientationLandscapeRight UIInterfaceOrientationPortrait UIInterfaceOrientationPortraitUpsideDown";
				INFOPLIST_KEY_UIUserInterfaceStyle = Light;
				LD_RUNPATH_SEARCH_PATHS = (
					"$(inherited)",
					"@executable_path/Frameworks",
				);
				MARKETING_VERSION = 1.0;
				PRODUCT_BUNDLE_IDENTIFIER = com.skiprsi.WiseSplit;
				PRODUCT_NAME = "$(TARGET_NAME)";
				SWIFT_EMIT_LOC_STRINGS = YES;
				SWIFT_VERSION = 5.0;
				TARGETED_DEVICE_FAMILY = "1,2";
			};
			name = Release;
		};
/* End XCBuildConfiguration section */

/* Begin XCConfigurationList section */
		B143BAF62B9EE497008B2F4D /* Build configuration list for PBXProject "WiseSplit" */ = {
			isa = XCConfigurationList;
			buildConfigurations = (
				B143BB0D2B9EE49A008B2F4D /* Debug */,
				B143BB0E2B9EE49A008B2F4D /* Release */,
			);
			defaultConfigurationIsVisible = 0;
			defaultConfigurationName = Release;
		};
		B143BB0F2B9EE49A008B2F4D /* Build configuration list for PBXNativeTarget "WiseSplit" */ = {
			isa = XCConfigurationList;
			buildConfigurations = (
				B143BB102B9EE49A008B2F4D /* Debug */,
				B143BB112B9EE49A008B2F4D /* Release */,
			);
			defaultConfigurationIsVisible = 0;
			defaultConfigurationName = Release;
		};
/* End XCConfigurationList section */

/* Begin XCRemoteSwiftPackageReference section */
		B143BB1C2BA42E9A008B2F4D /* XCRemoteSwiftPackageReference "firebase-ios-sdk" */ = {
			isa = XCRemoteSwiftPackageReference;
			repositoryURL = "https://github.com/firebase/firebase-ios-sdk";
			requirement = {
				kind = upToNextMajorVersion;
				minimumVersion = 10.22.1;
			};
		};
/* End XCRemoteSwiftPackageReference section */

/* Begin XCSwiftPackageProductDependency section */
		B143BB1D2BA42E9A008B2F4D /* FirebaseAnalytics */ = {
			isa = XCSwiftPackageProductDependency;
			package = B143BB1C2BA42E9A008B2F4D /* XCRemoteSwiftPackageReference "firebase-ios-sdk" */;
			productName = FirebaseAnalytics;
		};
		B143BB1F2BA42E9A008B2F4D /* FirebaseAnalyticsOnDeviceConversion */ = {
			isa = XCSwiftPackageProductDependency;
			package = B143BB1C2BA42E9A008B2F4D /* XCRemoteSwiftPackageReference "firebase-ios-sdk" */;
			productName = FirebaseAnalyticsOnDeviceConversion;
		};
		B143BB212BA42E9A008B2F4D /* FirebaseAnalyticsSwift */ = {
			isa = XCSwiftPackageProductDependency;
			package = B143BB1C2BA42E9A008B2F4D /* XCRemoteSwiftPackageReference "firebase-ios-sdk" */;
			productName = FirebaseAnalyticsSwift;
		};
		B143BB232BA42E9A008B2F4D /* FirebaseAnalyticsWithoutAdIdSupport */ = {
			isa = XCSwiftPackageProductDependency;
			package = B143BB1C2BA42E9A008B2F4D /* XCRemoteSwiftPackageReference "firebase-ios-sdk" */;
			productName = FirebaseAnalyticsWithoutAdIdSupport;
		};
		B143BB252BA42E9A008B2F4D /* FirebaseAppCheck */ = {
			isa = XCSwiftPackageProductDependency;
			package = B143BB1C2BA42E9A008B2F4D /* XCRemoteSwiftPackageReference "firebase-ios-sdk" */;
			productName = FirebaseAppCheck;
		};
		B143BB272BA42E9A008B2F4D /* FirebaseAppDistribution-Beta */ = {
			isa = XCSwiftPackageProductDependency;
			package = B143BB1C2BA42E9A008B2F4D /* XCRemoteSwiftPackageReference "firebase-ios-sdk" */;
			productName = "FirebaseAppDistribution-Beta";
		};
		B143BB292BA42E9A008B2F4D /* FirebaseAuth */ = {
			isa = XCSwiftPackageProductDependency;
			package = B143BB1C2BA42E9A008B2F4D /* XCRemoteSwiftPackageReference "firebase-ios-sdk" */;
			productName = FirebaseAuth;
		};
		B143BB2B2BA42E9A008B2F4D /* FirebaseAuthCombine-Community */ = {
			isa = XCSwiftPackageProductDependency;
			package = B143BB1C2BA42E9A008B2F4D /* XCRemoteSwiftPackageReference "firebase-ios-sdk" */;
			productName = "FirebaseAuthCombine-Community";
		};
		B143BB2D2BA42E9A008B2F4D /* FirebaseCrashlytics */ = {
			isa = XCSwiftPackageProductDependency;
			package = B143BB1C2BA42E9A008B2F4D /* XCRemoteSwiftPackageReference "firebase-ios-sdk" */;
			productName = FirebaseCrashlytics;
		};
		B143BB2F2BA42E9A008B2F4D /* FirebaseDatabase */ = {
			isa = XCSwiftPackageProductDependency;
			package = B143BB1C2BA42E9A008B2F4D /* XCRemoteSwiftPackageReference "firebase-ios-sdk" */;
			productName = FirebaseDatabase;
		};
		B143BB312BA42E9A008B2F4D /* FirebaseDatabaseSwift */ = {
			isa = XCSwiftPackageProductDependency;
			package = B143BB1C2BA42E9A008B2F4D /* XCRemoteSwiftPackageReference "firebase-ios-sdk" */;
			productName = FirebaseDatabaseSwift;
		};
		B143BB332BA42E9A008B2F4D /* FirebaseDynamicLinks */ = {
			isa = XCSwiftPackageProductDependency;
			package = B143BB1C2BA42E9A008B2F4D /* XCRemoteSwiftPackageReference "firebase-ios-sdk" */;
			productName = FirebaseDynamicLinks;
		};
		B143BB352BA42E9A008B2F4D /* FirebaseFirestore */ = {
			isa = XCSwiftPackageProductDependency;
			package = B143BB1C2BA42E9A008B2F4D /* XCRemoteSwiftPackageReference "firebase-ios-sdk" */;
			productName = FirebaseFirestore;
		};
		B143BB372BA42E9A008B2F4D /* FirebaseFirestoreCombine-Community */ = {
			isa = XCSwiftPackageProductDependency;
			package = B143BB1C2BA42E9A008B2F4D /* XCRemoteSwiftPackageReference "firebase-ios-sdk" */;
			productName = "FirebaseFirestoreCombine-Community";
		};
		B143BB392BA42E9A008B2F4D /* FirebaseFirestoreSwift */ = {
			isa = XCSwiftPackageProductDependency;
			package = B143BB1C2BA42E9A008B2F4D /* XCRemoteSwiftPackageReference "firebase-ios-sdk" */;
			productName = FirebaseFirestoreSwift;
		};
		B143BB3B2BA42E9A008B2F4D /* FirebaseFunctions */ = {
			isa = XCSwiftPackageProductDependency;
			package = B143BB1C2BA42E9A008B2F4D /* XCRemoteSwiftPackageReference "firebase-ios-sdk" */;
			productName = FirebaseFunctions;
		};
		B143BB3D2BA42E9A008B2F4D /* FirebaseFunctionsCombine-Community */ = {
			isa = XCSwiftPackageProductDependency;
			package = B143BB1C2BA42E9A008B2F4D /* XCRemoteSwiftPackageReference "firebase-ios-sdk" */;
			productName = "FirebaseFunctionsCombine-Community";
		};
		B143BB3F2BA42E9A008B2F4D /* FirebaseInAppMessaging-Beta */ = {
			isa = XCSwiftPackageProductDependency;
			package = B143BB1C2BA42E9A008B2F4D /* XCRemoteSwiftPackageReference "firebase-ios-sdk" */;
			productName = "FirebaseInAppMessaging-Beta";
		};
		B143BB412BA42E9A008B2F4D /* FirebaseInAppMessagingSwift-Beta */ = {
			isa = XCSwiftPackageProductDependency;
			package = B143BB1C2BA42E9A008B2F4D /* XCRemoteSwiftPackageReference "firebase-ios-sdk" */;
			productName = "FirebaseInAppMessagingSwift-Beta";
		};
		B143BB432BA42E9A008B2F4D /* FirebaseInstallations */ = {
			isa = XCSwiftPackageProductDependency;
			package = B143BB1C2BA42E9A008B2F4D /* XCRemoteSwiftPackageReference "firebase-ios-sdk" */;
			productName = FirebaseInstallations;
		};
		B143BB452BA42E9A008B2F4D /* FirebaseMLModelDownloader */ = {
			isa = XCSwiftPackageProductDependency;
			package = B143BB1C2BA42E9A008B2F4D /* XCRemoteSwiftPackageReference "firebase-ios-sdk" */;
			productName = FirebaseMLModelDownloader;
		};
		B143BB472BA42E9A008B2F4D /* FirebaseMessaging */ = {
			isa = XCSwiftPackageProductDependency;
			package = B143BB1C2BA42E9A008B2F4D /* XCRemoteSwiftPackageReference "firebase-ios-sdk" */;
			productName = FirebaseMessaging;
		};
		B143BB492BA42E9A008B2F4D /* FirebasePerformance */ = {
			isa = XCSwiftPackageProductDependency;
			package = B143BB1C2BA42E9A008B2F4D /* XCRemoteSwiftPackageReference "firebase-ios-sdk" */;
			productName = FirebasePerformance;
		};
		B143BB4B2BA42E9A008B2F4D /* FirebaseRemoteConfig */ = {
			isa = XCSwiftPackageProductDependency;
			package = B143BB1C2BA42E9A008B2F4D /* XCRemoteSwiftPackageReference "firebase-ios-sdk" */;
			productName = FirebaseRemoteConfig;
		};
		B143BB4D2BA42E9A008B2F4D /* FirebaseRemoteConfigSwift */ = {
			isa = XCSwiftPackageProductDependency;
			package = B143BB1C2BA42E9A008B2F4D /* XCRemoteSwiftPackageReference "firebase-ios-sdk" */;
			productName = FirebaseRemoteConfigSwift;
		};
		B143BB4F2BA42E9A008B2F4D /* FirebaseStorage */ = {
			isa = XCSwiftPackageProductDependency;
			package = B143BB1C2BA42E9A008B2F4D /* XCRemoteSwiftPackageReference "firebase-ios-sdk" */;
			productName = FirebaseStorage;
		};
		B143BB512BA42E9A008B2F4D /* FirebaseStorageCombine-Community */ = {
			isa = XCSwiftPackageProductDependency;
			package = B143BB1C2BA42E9A008B2F4D /* XCRemoteSwiftPackageReference "firebase-ios-sdk" */;
			productName = "FirebaseStorageCombine-Community";
		};
/* End XCSwiftPackageProductDependency section */
	};
	rootObject = B143BAF32B9EE497008B2F4D /* Project object */;
}
